<?xml version="1.0" encoding="utf-8"?>
<Project ToolsVersion="4.0" xmlns="http://schemas.microsoft.com/developer/msbuild/2003">
  <ItemGroup>
    <ClCompile Include="main.cpp" />
    <ClCompile Include="..\..\TAGameClient\Source\TAGameClient\Public\Common\ActorComponent.cpp">
      <Filter>Common</Filter>
    </ClCompile>
    <ClCompile Include="..\..\TAGameClient\Source\TAGameClient\Public\Common\ActorDataPool.cpp">
      <Filter>Common</Filter>
    </ClCompile>
    <ClCompile Include="..\..\TAGameClient\Source\TAGameClient\Public\Common\ActorDataPoolValue.cpp">
      <Filter>Common</Filter>
    </ClCompile>
    <ClCompile Include="..\..\TAGameClient\Source\TAGameClient\Public\Common\ActorNetwork.cpp">
      <Filter>Common</Filter>
    </ClCompile>
    <ClCompile Include="..\..\TAGameClient\Source\TAGameClient\Public\Common\ActorSystem.cpp">
      <Filter>Common</Filter>
    </ClCompile>
    <ClCompile Include="..\..\TAGameClient\Source\TAGameClient\Public\Common\CommonActionActorComponent.cpp">
      <Filter>Common</Filter>
    </ClCompile>
    <ClCompile Include="..\..\TAGameClient\Source\TAGameClient\Public\Common\CommonActionActorSystem.cpp">
      <Filter>Common</Filter>
    </ClCompile>
    <ClCompile Include="..\..\TAGameClient\Source\TAGameClient\Public\Common\CommonActor.cpp">
      <Filter>Common</Filter>
    </ClCompile>
    <ClCompile Include="..\..\TAGameClient\Source\TAGameClient\Public\Common\CommonActorManager.cpp">
      <Filter>Common</Filter>
    </ClCompile>
    <ClCompile Include="..\..\TAGameClient\Source\TAGameClient\Public\Common\CommonActorSystemManager.cpp">
      <Filter>Common</Filter>
    </ClCompile>
    <ClCompile Include="..\..\TAGameClient\Source\TAGameClient\Public\Common\CommonApp.cpp">
      <Filter>Common</Filter>
    </ClCompile>
    <ClCompile Include="..\..\TAGameClient\Source\TAGameClient\Public\Common\CommonMoveActorComponent.cpp">
      <Filter>Common</Filter>
    </ClCompile>
    <ClCompile Include="..\..\TAGameClient\Source\TAGameClient\Public\Common\CommonMoveActorSystem.cpp">
      <Filter>Common</Filter>
    </ClCompile>
    <ClCompile Include="..\..\TAGameClient\Source\TAGameClient\Public\Common\ComponentData.cpp">
      <Filter>Common</Filter>
    </ClCompile>
    <ClCompile Include="..\..\TAGameClient\Source\TAGameClient\Public\Common\EndPoint.cpp">
      <Filter>Common</Filter>
    </ClCompile>
    <ClCompile Include="..\..\TAGameClient\Source\TAGameClient\Public\Common\GetComponentAndSystem.cpp">
      <Filter>Common</Filter>
    </ClCompile>
    <ClCompile Include="..\..\TAGameClient\Source\TAGameClient\Public\Common\IdlCompiler.cpp">
      <Filter>Common</Filter>
    </ClCompile>
    <ClCompile Include="..\..\TAGameClient\Source\TAGameClient\Public\Common\Iocp.cpp">
      <Filter>Common</Filter>
    </ClCompile>
    <ClCompile Include="..\..\TAGameClient\Source\TAGameClient\Public\Common\KeyDefinition.cpp">
      <Filter>Common</Filter>
    </ClCompile>
    <ClCompile Include="..\..\TAGameClient\Source\TAGameClient\Public\Common\Lockable.cpp">
      <Filter>Common</Filter>
    </ClCompile>
    <ClCompile Include="..\..\TAGameClient\Source\TAGameClient\Public\Common\MessagePack.cpp">
      <Filter>Common</Filter>
    </ClCompile>
    <ClCompile Include="..\..\TAGameClient\Source\TAGameClient\Public\Common\ScopedLock.cpp">
      <Filter>Common</Filter>
    </ClCompile>
    <ClCompile Include="..\..\TAGameClient\Source\TAGameClient\Public\Common\Sector.cpp">
      <Filter>Common</Filter>
    </ClCompile>
    <ClCompile Include="..\..\TAGameClient\Source\TAGameClient\Public\Common\Socket.cpp">
      <Filter>Common</Filter>
    </ClCompile>
    <ClCompile Include="..\..\TAGameClient\Source\TAGameClient\Public\Common\StringUtility.cpp">
      <Filter>Common</Filter>
    </ClCompile>
    <ClCompile Include="..\..\TAGameClient\Source\TAGameClient\Public\Common\Vector.cpp">
      <Filter>Common</Filter>
    </ClCompile>
    <ClCompile Include="..\..\TAGameClient\Source\TAGameClient\Public\Client\AllPacketClient.cpp">
      <Filter>Client</Filter>
    </ClCompile>
    <ClCompile Include="..\..\TAGameClient\Source\TAGameClient\Public\Client\ClientActionActorComponent.cpp">
      <Filter>Client</Filter>
    </ClCompile>
    <ClCompile Include="..\..\TAGameClient\Source\TAGameClient\Public\Client\ClientActionActorSystem.cpp">
      <Filter>Client</Filter>
    </ClCompile>
    <ClCompile Include="..\..\TAGameClient\Source\TAGameClient\Public\Client\ClientActor.cpp">
      <Filter>Client</Filter>
    </ClCompile>
    <ClCompile Include="..\..\TAGameClient\Source\TAGameClient\Public\Client\ClientActorDataPool.cpp">
      <Filter>Client</Filter>
    </ClCompile>
    <ClCompile Include="..\..\TAGameClient\Source\TAGameClient\Public\Client\ClientActorManager.cpp">
      <Filter>Client</Filter>
    </ClCompile>
    <ClCompile Include="..\..\TAGameClient\Source\TAGameClient\Public\Client\ClientActorSystemManager.cpp">
      <Filter>Client</Filter>
    </ClCompile>
    <ClCompile Include="..\..\TAGameClient\Source\TAGameClient\Public\Client\ClientApp.cpp">
      <Filter>Client</Filter>
    </ClCompile>
    <ClCompile Include="..\..\TAGameClient\Source\TAGameClient\Public\Client\ClientComponentData.cpp">
      <Filter>Client</Filter>
    </ClCompile>
    <ClCompile Include="..\..\TAGameClient\Source\TAGameClient\Public\Client\ClientMoveActorComponent.cpp">
      <Filter>Client</Filter>
    </ClCompile>
    <ClCompile Include="..\..\TAGameClient\Source\TAGameClient\Public\Client\ClientMoveActorSystem.cpp">
      <Filter>Client</Filter>
    </ClCompile>
    <ClCompile Include="..\..\TAGameClient\Source\TAGameClient\Public\Client\ClientSector.cpp">
      <Filter>Client</Filter>
    </ClCompile>
    <ClCompile Include="..\..\TAGameClient\Source\TAGameClient\Public\Common\ActorEventTimer.cpp">
      <Filter>Common</Filter>
    </ClCompile>
    <ClCompile Include="..\..\TAGameClient\Source\TAGameClient\Public\Common\CommonAiActorSystem.cpp">
      <Filter>Common</Filter>
    </ClCompile>
    <ClCompile Include="..\..\TAGameClient\Source\TAGameClient\Public\Client\ClientAiActorComponent.cpp">
      <Filter>Client</Filter>
    </ClCompile>
    <ClCompile Include="..\..\TAGameClient\Source\TAGameClient\Public\Client\ClientAiActorSystem.cpp">
      <Filter>Client</Filter>
    </ClCompile>
    <ClCompile Include="..\..\TAGameClient\Source\TAGameClient\Public\Common\CommonAiActorComponent.cpp">
      <Filter>Common</Filter>
    </ClCompile>
    <ClCompile Include="..\..\TAGameClient\Source\TAGameClient\Public\Common\AiBlackboard.cpp">
      <Filter>Common</Filter>
    </ClCompile>
    <ClCompile Include="..\..\TAGameClient\Source\TAGameClient\Public\Common\AiBehaviorTree.cpp">
      <Filter>Common</Filter>
    </ClCompile>
    <ClCompile Include="..\..\TAGameClient\Source\TAGameClient\Public\Common\AiBTCondition.cpp">
      <Filter>Common</Filter>
    </ClCompile>
    <ClCompile Include="..\..\TAGameClient\Source\TAGameClient\Public\Common\AiBTNode.cpp">
      <Filter>Common</Filter>
    </ClCompile>
    <ClCompile Include="..\..\TAGameClient\Source\TAGameClient\Public\Common\CommonCharacterActorComponent.cpp">
      <Filter>Common</Filter>
    </ClCompile>
    <ClCompile Include="..\..\TAGameClient\Source\TAGameClient\Public\Client\ClientCharacterActorComponent.cpp">
      <Filter>Client</Filter>
    </ClCompile>
    <ClCompile Include="..\..\TAGameClient\Source\TAGameClient\Public\Common\GameData.cpp">
      <Filter>Common</Filter>
    </ClCompile>
    <ClCompile Include="..\..\TAGameClient\Source\TAGameClient\Public\Common\GameDataManager.cpp">
      <Filter>Common</Filter>
    </ClCompile>
    <ClCompile Include="..\..\TAGameClient\Source\TAGameClient\Public\Common\CommonDataTypeDefinition.cpp">
      <Filter>Common</Filter>
    </ClCompile>
    <ClCompile Include="..\..\TAGameClient\Source\TAGameClient\Public\Common\FileLoader.cpp">
      <Filter>Common</Filter>
    </ClCompile>
    <ClCompile Include="..\..\TAGameClient\Source\TAGameClient\Public\Common\ActorEvent.cpp">
      <Filter>Common</Filter>
    </ClCompile>
    <ClCompile Include="..\..\TAGameClient\Source\TAGameClient\Public\Common\EnumUtility.cpp">
      <Filter>Common</Filter>
    </ClCompile>
    <ClCompile Include="..\..\TAGameClient\Source\TAGameClient\Public\Common\CommonSpawnDataManager.cpp">
      <Filter>Common</Filter>
    </ClCompile>
    <ClCompile Include="..\..\TAGameClient\Source\TAGameClient\Public\Client\ClientSpawnDataManager.cpp">
      <Filter>Client</Filter>
    </ClCompile>
    <ClCompile Include="..\..\TAGameClient\Source\TAGameClient\Public\Common\CommonInventoryActorComponent.cpp">
      <Filter>Common</Filter>
    </ClCompile>
    <ClCompile Include="..\..\TAGameClient\Source\TAGameClient\Public\Client\ClientInventoryActorComponent.cpp">
      <Filter>Client</Filter>
    </ClCompile>
    <ClCompile Include="..\..\TAGameClient\Source\TAGameClient\Public\Common\CommonInventoryActorSystem.cpp">
      <Filter>Common</Filter>
    </ClCompile>
    <ClCompile Include="..\..\TAGameClient\Source\TAGameClient\Public\Client\ClientInventoryActorSystem.cpp">
      <Filter>Client</Filter>
    </ClCompile>
    <ClCompile Include="..\..\TAGameClient\Source\TAGameClient\Public\Common\ItemDetail.cpp">
      <Filter>Common</Filter>
    </ClCompile>
    <ClCompile Include="..\..\TAGameClient\Source\TAGameClient\Public\Common\ItemSet.cpp">
      <Filter>Common</Filter>
    </ClCompile>
    <ClCompile Include="..\..\TAGameClient\Source\TAGameClient\Public\Common\Item.cpp">
      <Filter>Common</Filter>
    </ClCompile>
    <ClCompile Include="..\..\TAGameClient\Source\TAGameClient\Public\Common\Serializer.cpp">
      <Filter>Common</Filter>
    </ClCompile>
    <ClCompile Include="..\..\TAGameClient\Source\TAGameClient\Public\Common\NavigationSystem\RecastNavigation\DebugUtils\DebugDraw.cpp">
      <Filter>Common\NavigationSystem\RecastNavigation\DebugUtils</Filter>
    </ClCompile>
    <ClCompile Include="..\..\TAGameClient\Source\TAGameClient\Public\Common\NavigationSystem\RecastNavigation\DebugUtils\DetourDebugDraw.cpp">
      <Filter>Common\NavigationSystem\RecastNavigation\DebugUtils</Filter>
    </ClCompile>
    <ClCompile Include="..\..\TAGameClient\Source\TAGameClient\Public\Common\NavigationSystem\RecastNavigation\DebugUtils\RecastDebugDraw.cpp">
      <Filter>Common\NavigationSystem\RecastNavigation\DebugUtils</Filter>
    </ClCompile>
    <ClCompile Include="..\..\TAGameClient\Source\TAGameClient\Public\Common\NavigationSystem\RecastNavigation\DebugUtils\RecastDump.cpp">
      <Filter>Common\NavigationSystem\RecastNavigation\DebugUtils</Filter>
    </ClCompile>
    <ClCompile Include="..\..\TAGameClient\Source\TAGameClient\Public\Common\NavigationSystem\RecastNavigation\Detour\DetourAlloc.cpp">
      <Filter>Common\NavigationSystem\RecastNavigation\Detour</Filter>
    </ClCompile>
    <ClCompile Include="..\..\TAGameClient\Source\TAGameClient\Public\Common\NavigationSystem\RecastNavigation\Detour\DetourAssert.cpp">
      <Filter>Common\NavigationSystem\RecastNavigation\Detour</Filter>
    </ClCompile>
    <ClCompile Include="..\..\TAGameClient\Source\TAGameClient\Public\Common\NavigationSystem\RecastNavigation\Detour\DetourCommon.cpp">
      <Filter>Common\NavigationSystem\RecastNavigation\Detour</Filter>
    </ClCompile>
    <ClCompile Include="..\..\TAGameClient\Source\TAGameClient\Public\Common\NavigationSystem\RecastNavigation\Detour\DetourNavMesh.cpp">
      <Filter>Common\NavigationSystem\RecastNavigation\Detour</Filter>
    </ClCompile>
    <ClCompile Include="..\..\TAGameClient\Source\TAGameClient\Public\Common\NavigationSystem\RecastNavigation\Detour\DetourNavMeshBuilder.cpp">
      <Filter>Common\NavigationSystem\RecastNavigation\Detour</Filter>
    </ClCompile>
    <ClCompile Include="..\..\TAGameClient\Source\TAGameClient\Public\Common\NavigationSystem\RecastNavigation\Detour\DetourNavMeshQuery.cpp">
      <Filter>Common\NavigationSystem\RecastNavigation\Detour</Filter>
    </ClCompile>
    <ClCompile Include="..\..\TAGameClient\Source\TAGameClient\Public\Common\NavigationSystem\RecastNavigation\Detour\DetourNode.cpp">
      <Filter>Common\NavigationSystem\RecastNavigation\Detour</Filter>
    </ClCompile>
    <ClCompile Include="..\..\TAGameClient\Source\TAGameClient\Public\Common\NavigationSystem\RecastNavigation\DetourCrowd\DetourCrowd.cpp">
      <Filter>Common\NavigationSystem\RecastNavigation\DetourCrowd</Filter>
    </ClCompile>
    <ClCompile Include="..\..\TAGameClient\Source\TAGameClient\Public\Common\NavigationSystem\RecastNavigation\DetourCrowd\DetourLocalBoundary.cpp">
      <Filter>Common\NavigationSystem\RecastNavigation\DetourCrowd</Filter>
    </ClCompile>
    <ClCompile Include="..\..\TAGameClient\Source\TAGameClient\Public\Common\NavigationSystem\RecastNavigation\DetourCrowd\DetourObstacleAvoidance.cpp">
      <Filter>Common\NavigationSystem\RecastNavigation\DetourCrowd</Filter>
    </ClCompile>
    <ClCompile Include="..\..\TAGameClient\Source\TAGameClient\Public\Common\NavigationSystem\RecastNavigation\DetourCrowd\DetourPathCorridor.cpp">
      <Filter>Common\NavigationSystem\RecastNavigation\DetourCrowd</Filter>
    </ClCompile>
    <ClCompile Include="..\..\TAGameClient\Source\TAGameClient\Public\Common\NavigationSystem\RecastNavigation\DetourCrowd\DetourPathQueue.cpp">
      <Filter>Common\NavigationSystem\RecastNavigation\DetourCrowd</Filter>
    </ClCompile>
    <ClCompile Include="..\..\TAGameClient\Source\TAGameClient\Public\Common\NavigationSystem\RecastNavigation\DetourCrowd\DetourProximityGrid.cpp">
      <Filter>Common\NavigationSystem\RecastNavigation\DetourCrowd</Filter>
    </ClCompile>
    <ClCompile Include="..\..\TAGameClient\Source\TAGameClient\Public\Common\NavigationSystem\RecastNavigation\DetourCrowd\DetourSharedBoundary.cpp">
      <Filter>Common\NavigationSystem\RecastNavigation\DetourCrowd</Filter>
    </ClCompile>
    <ClCompile Include="..\..\TAGameClient\Source\TAGameClient\Public\Common\NavigationSystem\RecastNavigation\DetourTileCache\DetourTileCache.cpp">
      <Filter>Common\NavigationSystem\RecastNavigation\DetourTileCache</Filter>
    </ClCompile>
    <ClCompile Include="..\..\TAGameClient\Source\TAGameClient\Public\Common\NavigationSystem\RecastNavigation\DetourTileCache\DetourTileCacheBuilder.cpp">
      <Filter>Common\NavigationSystem\RecastNavigation\DetourTileCache</Filter>
    </ClCompile>
    <ClCompile Include="..\..\TAGameClient\Source\TAGameClient\Public\Common\NavigationSystem\RecastNavigation\DetourTileCache\DetourTileCacheDetail.cpp">
      <Filter>Common\NavigationSystem\RecastNavigation\DetourTileCache</Filter>
    </ClCompile>
    <ClCompile Include="..\..\TAGameClient\Source\TAGameClient\Public\Common\NavigationSystem\RecastNavigation\DetourTileCache\DetourTileCacheRegion.cpp">
      <Filter>Common\NavigationSystem\RecastNavigation\DetourTileCache</Filter>
    </ClCompile>
    <ClCompile Include="..\..\TAGameClient\Source\TAGameClient\Public\Common\NavigationSystem\RecastNavigation\Recast\Recast.cpp">
      <Filter>Common\NavigationSystem\RecastNavigation\Recast</Filter>
    </ClCompile>
    <ClCompile Include="..\..\TAGameClient\Source\TAGameClient\Public\Common\NavigationSystem\RecastNavigation\Recast\RecastAlloc.cpp">
      <Filter>Common\NavigationSystem\RecastNavigation\Recast</Filter>
    </ClCompile>
    <ClCompile Include="..\..\TAGameClient\Source\TAGameClient\Public\Common\NavigationSystem\RecastNavigation\Recast\RecastArea.cpp">
      <Filter>Common\NavigationSystem\RecastNavigation\Recast</Filter>
    </ClCompile>
    <ClCompile Include="..\..\TAGameClient\Source\TAGameClient\Public\Common\NavigationSystem\RecastNavigation\Recast\RecastAssert.cpp">
      <Filter>Common\NavigationSystem\RecastNavigation\Recast</Filter>
    </ClCompile>
    <ClCompile Include="..\..\TAGameClient\Source\TAGameClient\Public\Common\NavigationSystem\RecastNavigation\Recast\RecastContour.cpp">
      <Filter>Common\NavigationSystem\RecastNavigation\Recast</Filter>
    </ClCompile>
    <ClCompile Include="..\..\TAGameClient\Source\TAGameClient\Public\Common\NavigationSystem\RecastNavigation\Recast\RecastFilter.cpp">
      <Filter>Common\NavigationSystem\RecastNavigation\Recast</Filter>
    </ClCompile>
    <ClCompile Include="..\..\TAGameClient\Source\TAGameClient\Public\Common\NavigationSystem\RecastNavigation\Recast\RecastLayers.cpp">
      <Filter>Common\NavigationSystem\RecastNavigation\Recast</Filter>
    </ClCompile>
    <ClCompile Include="..\..\TAGameClient\Source\TAGameClient\Public\Common\NavigationSystem\RecastNavigation\Recast\RecastMesh.cpp">
      <Filter>Common\NavigationSystem\RecastNavigation\Recast</Filter>
    </ClCompile>
    <ClCompile Include="..\..\TAGameClient\Source\TAGameClient\Public\Common\NavigationSystem\RecastNavigation\Recast\RecastMeshDetail.cpp">
      <Filter>Common\NavigationSystem\RecastNavigation\Recast</Filter>
    </ClCompile>
    <ClCompile Include="..\..\TAGameClient\Source\TAGameClient\Public\Common\NavigationSystem\RecastNavigation\Recast\RecastRasterization.cpp">
      <Filter>Common\NavigationSystem\RecastNavigation\Recast</Filter>
    </ClCompile>
    <ClCompile Include="..\..\TAGameClient\Source\TAGameClient\Public\Common\NavigationSystem\RecastNavigation\Recast\RecastRegion.cpp">
      <Filter>Common\NavigationSystem\RecastNavigation\Recast</Filter>
    </ClCompile>
    <ClCompile Include="..\..\TAGameClient\Source\TAGameClient\Public\Common\NavigationSystem\RecastNavigation\NavMeshPath.cpp">
      <Filter>Common\NavigationSystem\RecastNavigation</Filter>
    </ClCompile>
    <ClCompile Include="..\..\TAGameClient\Source\TAGameClient\Public\Common\NavigationSystem\RecastNavigation\NavMeshPoint.cpp">
      <Filter>Common\NavigationSystem\RecastNavigation</Filter>
    </ClCompile>
    <ClCompile Include="..\..\TAGameClient\Source\TAGameClient\Public\Common\NavigationSystem\RecastNavigation\RecastNavigationSystemUtility.cpp">
      <Filter>Common\NavigationSystem\RecastNavigation</Filter>
    </ClCompile>
    <ClCompile Include="..\..\TAGameClient\Source\TAGameClient\Public\Common\PathPointPath.cpp">
      <Filter>Common</Filter>
    </ClCompile>
    <ClCompile Include="..\..\TAGameClient\Source\TAGameClient\Public\Common\PathPoint.cpp">
      <Filter>Common</Filter>
    </ClCompile>
    <ClCompile Include="..\..\TAGameClient\Source\TAGameClient\Public\Common\AiPathPointPath.cpp">
      <Filter>Common</Filter>
    </ClCompile>
    <ClCompile Include="..\..\TAGameClient\Source\TAGameClient\Public\Common\ActorComponentPool.cpp">
      <Filter>Common</Filter>
    </ClCompile>
    <ClCompile Include="..\..\TAGameClient\Source\TAGameClient\Public\Common\ActorDataGroups.cpp">
      <Filter>Common</Filter>
    </ClCompile>
    <ClCompile Include="..\..\TAGameClient\Source\TAGameClient\Public\Common\CommonObjectActorComponent.cpp">
      <Filter>Common</Filter>
    </ClCompile>
    <ClCompile Include="..\..\TAGameClient\Source\TAGameClient\Public\Client\ClientObjectActorComponent.cpp">
      <Filter>Client</Filter>
    </ClCompile>
    <ClCompile Include="..\..\TAGameClient\Source\TAGameClient\Public\Common\SectorProperty.cpp">
      <Filter>Common</Filter>
    </ClCompile>
    <ClCompile Include="..\..\TAGameClient\Source\TAGameClient\Public\Common\SectorProcessor.cpp">
      <Filter>Common</Filter>
    </ClCompile>
    <ClCompile Include="..\..\TAGameClient\Source\TAGameClient\Public\Common\Sectors.cpp">
      <Filter>Common</Filter>
    </ClCompile>
    <ClCompile Include="..\..\TAGameClient\Source\TAGameClient\Public\Client\ClientSectors.cpp">
      <Filter>Client</Filter>
    </ClCompile>
    <ClCompile Include="..\..\TAGameClient\Source\TAGameClient\Public\Common\ConditionGameDataObject.cpp">
      <Filter>Common</Filter>
    </ClCompile>
    <ClCompile Include="..\..\TAGameClient\Source\TAGameClient\Public\Common\ContentParameter.cpp">
      <Filter>Common</Filter>
    </ClCompile>
    <ClCompile Include="..\..\TAGameClient\Source\TAGameClient\Public\Common\EventGameDataObject.cpp">
      <Filter>Common</Filter>
    </ClCompile>
    <ClCompile Include="..\..\TAGameClient\Source\TAGameClient\Public\Common\ThreadTaskManager.cpp">
      <Filter>Common</Filter>
    </ClCompile>
    <ClCompile Include="..\..\TAGameClient\Source\TAGameClient\Public\Common\SectorEventSet.cpp">
      <Filter>Common</Filter>
    </ClCompile>
  </ItemGroup>
  <ItemGroup>
    <Filter Include="Common">
      <UniqueIdentifier>{98c06439-c9cb-4ffd-8e56-438cd5c02d6f}</UniqueIdentifier>
    </Filter>
    <Filter Include="Client">
      <UniqueIdentifier>{c2e2475e-27d0-4c95-9902-ebeeaa75c060}</UniqueIdentifier>
    </Filter>
    <Filter Include="Common\NavigationSystem">
      <UniqueIdentifier>{c6f5f1b4-671c-4423-bb3d-a91df0f82f45}</UniqueIdentifier>
    </Filter>
    <Filter Include="Common\NavigationSystem\RecastNavigation">
      <UniqueIdentifier>{85a1961e-2c96-444d-acd6-84a1934ec44f}</UniqueIdentifier>
    </Filter>
    <Filter Include="Common\NavigationSystem\RecastNavigation\DebugUtils">
      <UniqueIdentifier>{50ba0182-290d-44ec-9520-9859793753ac}</UniqueIdentifier>
    </Filter>
    <Filter Include="Common\NavigationSystem\RecastNavigation\Detour">
      <UniqueIdentifier>{8f6fbf9f-a143-472c-87a0-ec32bc7b4d06}</UniqueIdentifier>
    </Filter>
    <Filter Include="Common\NavigationSystem\RecastNavigation\DetourCrowd">
      <UniqueIdentifier>{65077fa9-3ae6-4861-be14-20ebc0877517}</UniqueIdentifier>
    </Filter>
    <Filter Include="Common\NavigationSystem\RecastNavigation\DetourTileCache">
      <UniqueIdentifier>{fff878fb-3f53-4344-903c-100f70ce31ae}</UniqueIdentifier>
    </Filter>
    <Filter Include="Common\NavigationSystem\RecastNavigation\Recast">
      <UniqueIdentifier>{0014f9e7-d456-4aa5-9199-0640309cf624}</UniqueIdentifier>
    </Filter>
  </ItemGroup>
  <ItemGroup>
    <ClInclude Include="..\..\TAGameClient\Source\TAGameClient\Public\Common\ActorComponent.h">
      <Filter>Common</Filter>
    </ClInclude>
    <ClInclude Include="..\..\TAGameClient\Source\TAGameClient\Public\Common\ActorDataPool.h">
      <Filter>Common</Filter>
    </ClInclude>
    <ClInclude Include="..\..\TAGameClient\Source\TAGameClient\Public\Common\ActorDataPoolValue.h">
      <Filter>Common</Filter>
    </ClInclude>
    <ClInclude Include="..\..\TAGameClient\Source\TAGameClient\Public\Common\ActorNetwork.h">
      <Filter>Common</Filter>
    </ClInclude>
    <ClInclude Include="..\..\TAGameClient\Source\TAGameClient\Public\Common\ActorSystem.h">
      <Filter>Common</Filter>
    </ClInclude>
    <ClInclude Include="..\..\TAGameClient\Source\TAGameClient\Public\Common\AllPacketCommon.h">
      <Filter>Common</Filter>
    </ClInclude>
    <ClInclude Include="..\..\TAGameClient\Source\TAGameClient\Public\Common\ClassProperty.h">
      <Filter>Common</Filter>
    </ClInclude>
    <ClInclude Include="..\..\TAGameClient\Source\TAGameClient\Public\Common\CommonActionActorComponent.h">
      <Filter>Common</Filter>
    </ClInclude>
    <ClInclude Include="..\..\TAGameClient\Source\TAGameClient\Public\Common\CommonActionActorSystem.h">
      <Filter>Common</Filter>
    </ClInclude>
    <ClInclude Include="..\..\TAGameClient\Source\TAGameClient\Public\Common\CommonActor.h">
      <Filter>Common</Filter>
    </ClInclude>
    <ClInclude Include="..\..\TAGameClient\Source\TAGameClient\Public\Common\CommonActorManager.h">
      <Filter>Common</Filter>
    </ClInclude>
    <ClInclude Include="..\..\TAGameClient\Source\TAGameClient\Public\Common\CommonActorSystemManager.h">
      <Filter>Common</Filter>
    </ClInclude>
    <ClInclude Include="..\..\TAGameClient\Source\TAGameClient\Public\Common\CommonApp.h">
      <Filter>Common</Filter>
    </ClInclude>
    <ClInclude Include="..\..\TAGameClient\Source\TAGameClient\Public\Common\CommonBase.h">
      <Filter>Common</Filter>
    </ClInclude>
    <ClInclude Include="..\..\TAGameClient\Source\TAGameClient\Public\Common\CommonDataTypeDefinition.h">
      <Filter>Common</Filter>
    </ClInclude>
    <ClInclude Include="..\..\TAGameClient\Source\TAGameClient\Public\Common\CommonLog.h">
      <Filter>Common</Filter>
    </ClInclude>
    <ClInclude Include="..\..\TAGameClient\Source\TAGameClient\Public\Common\CommonMoveActorComponent.h">
      <Filter>Common</Filter>
    </ClInclude>
    <ClInclude Include="..\..\TAGameClient\Source\TAGameClient\Public\Common\CommonMoveActorSystem.h">
      <Filter>Common</Filter>
    </ClInclude>
    <ClInclude Include="..\..\TAGameClient\Source\TAGameClient\Public\Common\ComponentData.h">
      <Filter>Common</Filter>
    </ClInclude>
    <ClInclude Include="..\..\TAGameClient\Source\TAGameClient\Public\Common\EndPoint.h">
      <Filter>Common</Filter>
    </ClInclude>
    <ClInclude Include="..\..\TAGameClient\Source\TAGameClient\Public\Common\GetComponentAndSystem.h">
      <Filter>Common</Filter>
    </ClInclude>
    <ClInclude Include="..\..\TAGameClient\Source\TAGameClient\Public\Common\IdlCompiler.h">
      <Filter>Common</Filter>
    </ClInclude>
    <ClInclude Include="..\..\TAGameClient\Source\TAGameClient\Public\Common\Iocp.h">
      <Filter>Common</Filter>
    </ClInclude>
    <ClInclude Include="..\..\TAGameClient\Source\TAGameClient\Public\Common\KeyDefinition.h">
      <Filter>Common</Filter>
    </ClInclude>
    <ClInclude Include="..\..\TAGameClient\Source\TAGameClient\Public\Common\Lockable.h">
      <Filter>Common</Filter>
    </ClInclude>
    <ClInclude Include="..\..\TAGameClient\Source\TAGameClient\Public\Common\MessagePack.h">
      <Filter>Common</Filter>
    </ClInclude>
    <ClInclude Include="..\..\TAGameClient\Source\TAGameClient\Public\Common\MessageTypeDefinition.h">
      <Filter>Common</Filter>
    </ClInclude>
    <ClInclude Include="..\..\TAGameClient\Source\TAGameClient\Public\Common\MessageTypeSwtichCaseSet.h">
      <Filter>Common</Filter>
    </ClInclude>
    <ClInclude Include="..\..\TAGameClient\Source\TAGameClient\Public\Common\ScopedLock.h">
      <Filter>Common</Filter>
    </ClInclude>
    <ClInclude Include="..\..\TAGameClient\Source\TAGameClient\Public\Common\Sector.h">
      <Filter>Common</Filter>
    </ClInclude>
    <ClInclude Include="..\..\TAGameClient\Source\TAGameClient\Public\Common\Socket.h">
      <Filter>Common</Filter>
    </ClInclude>
    <ClInclude Include="..\..\TAGameClient\Source\TAGameClient\Public\Common\StringUtility.h">
      <Filter>Common</Filter>
    </ClInclude>
    <ClInclude Include="..\..\TAGameClient\Source\TAGameClient\Public\Common\Uncopyable.h">
      <Filter>Common</Filter>
    </ClInclude>
    <ClInclude Include="..\..\TAGameClient\Source\TAGameClient\Public\Common\Vector.h">
      <Filter>Common</Filter>
    </ClInclude>
    <ClInclude Include="..\..\TAGameClient\Source\TAGameClient\Public\Client\AllPacketClient.h">
      <Filter>Client</Filter>
    </ClInclude>
    <ClInclude Include="..\..\TAGameClient\Source\TAGameClient\Public\Client\ClientActionActorComponent.h">
      <Filter>Client</Filter>
    </ClInclude>
    <ClInclude Include="..\..\TAGameClient\Source\TAGameClient\Public\Client\ClientActionActorSystem.h">
      <Filter>Client</Filter>
    </ClInclude>
    <ClInclude Include="..\..\TAGameClient\Source\TAGameClient\Public\Client\ClientActor.h">
      <Filter>Client</Filter>
    </ClInclude>
    <ClInclude Include="..\..\TAGameClient\Source\TAGameClient\Public\Client\ClientActorDataPool.h">
      <Filter>Client</Filter>
    </ClInclude>
    <ClInclude Include="..\..\TAGameClient\Source\TAGameClient\Public\Client\ClientActorManager.h">
      <Filter>Client</Filter>
    </ClInclude>
    <ClInclude Include="..\..\TAGameClient\Source\TAGameClient\Public\Client\ClientActorSystemManager.h">
      <Filter>Client</Filter>
    </ClInclude>
    <ClInclude Include="..\..\TAGameClient\Source\TAGameClient\Public\Client\ClientApp.h">
      <Filter>Client</Filter>
    </ClInclude>
    <ClInclude Include="..\..\TAGameClient\Source\TAGameClient\Public\Client\ClientComponentData.h">
      <Filter>Client</Filter>
    </ClInclude>
    <ClInclude Include="..\..\TAGameClient\Source\TAGameClient\Public\Client\ClientMoveActorComponent.h">
      <Filter>Client</Filter>
    </ClInclude>
    <ClInclude Include="..\..\TAGameClient\Source\TAGameClient\Public\Client\ClientMoveActorSystem.h">
      <Filter>Client</Filter>
    </ClInclude>
    <ClInclude Include="..\..\TAGameClient\Source\TAGameClient\Public\Client\ClientSector.h">
      <Filter>Client</Filter>
    </ClInclude>
    <ClInclude Include="..\..\TAGameClient\Source\TAGameClient\Public\Common\ActorEventTimer.h">
      <Filter>Common</Filter>
    </ClInclude>
    <ClInclude Include="..\..\TAGameClient\Source\TAGameClient\Public\Client\ClientAiActorSystem.h">
      <Filter>Client</Filter>
    </ClInclude>
    <ClInclude Include="..\..\TAGameClient\Source\TAGameClient\Public\Client\ClientAiActorComponent.h">
      <Filter>Client</Filter>
    </ClInclude>
    <ClInclude Include="..\..\TAGameClient\Source\TAGameClient\Public\Common\CommonAiActorSystem.h">
      <Filter>Common</Filter>
    </ClInclude>
    <ClInclude Include="..\..\TAGameClient\Source\TAGameClient\Public\Common\CommonAiActorComponent.h">
      <Filter>Common</Filter>
    </ClInclude>
    <ClInclude Include="..\..\TAGameClient\Source\TAGameClient\Public\Common\AiBlackboard.h">
      <Filter>Common</Filter>
    </ClInclude>
    <ClInclude Include="..\..\TAGameClient\Source\TAGameClient\Public\Common\AiBehaviorTree.h">
      <Filter>Common</Filter>
    </ClInclude>
    <ClInclude Include="..\..\TAGameClient\Source\TAGameClient\Public\Common\AiBTNode.h">
      <Filter>Common</Filter>
    </ClInclude>
    <ClInclude Include="..\..\TAGameClient\Source\TAGameClient\Public\Common\AiBTCondition.h">
      <Filter>Common</Filter>
    </ClInclude>
    <ClInclude Include="..\..\TAGameClient\Source\TAGameClient\Public\Common\CommonCharacterActorComponent.h">
      <Filter>Common</Filter>
    </ClInclude>
    <ClInclude Include="..\..\TAGameClient\Source\TAGameClient\Public\Client\ClientCharacterActorComponent.h">
      <Filter>Client</Filter>
    </ClInclude>
    <ClInclude Include="..\..\TAGameClient\Source\TAGameClient\Public\Common\GameDataManager.h">
      <Filter>Common</Filter>
    </ClInclude>
    <ClInclude Include="..\..\TAGameClient\Source\TAGameClient\Public\Common\GameData.h">
      <Filter>Common</Filter>
    </ClInclude>
    <ClInclude Include="..\..\TAGameClient\Source\TAGameClient\Public\Common\CanNotCreate.h">
      <Filter>Common</Filter>
    </ClInclude>
    <ClInclude Include="..\..\TAGameClient\Source\TAGameClient\Public\Common\FileLoader.h">
      <Filter>Common</Filter>
    </ClInclude>
    <ClInclude Include="..\..\TAGameClient\Source\TAGameClient\Public\Common\ActorEvent.h">
      <Filter>Common</Filter>
    </ClInclude>
    <ClInclude Include="..\..\TAGameClient\Source\TAGameClient\Public\Common\EnumUtility.h">
      <Filter>Common</Filter>
    </ClInclude>
    <ClInclude Include="..\..\TAGameClient\Source\TAGameClient\Public\Common\CommonSpawnDataManager.h">
      <Filter>Common</Filter>
    </ClInclude>
    <ClInclude Include="..\..\TAGameClient\Source\TAGameClient\Public\Client\ClientSpawnDataManager.h">
      <Filter>Client</Filter>
    </ClInclude>
    <ClInclude Include="..\..\TAGameClient\Source\TAGameClient\Public\Common\CommonInventoryActorComponent.h">
      <Filter>Common</Filter>
    </ClInclude>
    <ClInclude Include="..\..\TAGameClient\Source\TAGameClient\Public\Client\ClientInventoryActorComponent.h">
      <Filter>Client</Filter>
    </ClInclude>
    <ClInclude Include="..\..\TAGameClient\Source\TAGameClient\Public\Common\CommonInventoryActorSystem.h">
      <Filter>Common</Filter>
    </ClInclude>
    <ClInclude Include="..\..\TAGameClient\Source\TAGameClient\Public\Client\ClientInventoryActorSystem.h">
      <Filter>Client</Filter>
    </ClInclude>
    <ClInclude Include="..\..\TAGameClient\Source\TAGameClient\Public\Common\ItemSet.h">
      <Filter>Common</Filter>
    </ClInclude>
    <ClInclude Include="..\..\TAGameClient\Source\TAGameClient\Public\Common\Item.h">
      <Filter>Common</Filter>
    </ClInclude>
    <ClInclude Include="..\..\TAGameClient\Source\TAGameClient\Public\Common\ItemDetail.h">
      <Filter>Common</Filter>
    </ClInclude>
    <ClInclude Include="..\..\TAGameClient\Source\TAGameClient\Public\Common\Serializer.h">
      <Filter>Common</Filter>
    </ClInclude>
    <ClInclude Include="..\..\TAGameClient\Source\TAGameClient\Public\Common\NavigationSystem\RecastNavigation\DebugUtils\DebugDraw.h">
      <Filter>Common\NavigationSystem\RecastNavigation\DebugUtils</Filter>
    </ClInclude>
    <ClInclude Include="..\..\TAGameClient\Source\TAGameClient\Public\Common\NavigationSystem\RecastNavigation\DebugUtils\DetourDebugDraw.h">
      <Filter>Common\NavigationSystem\RecastNavigation\DebugUtils</Filter>
    </ClInclude>
    <ClInclude Include="..\..\TAGameClient\Source\TAGameClient\Public\Common\NavigationSystem\RecastNavigation\DebugUtils\RecastDebugDraw.h">
      <Filter>Common\NavigationSystem\RecastNavigation\DebugUtils</Filter>
    </ClInclude>
    <ClInclude Include="..\..\TAGameClient\Source\TAGameClient\Public\Common\NavigationSystem\RecastNavigation\DebugUtils\RecastDump.h">
      <Filter>Common\NavigationSystem\RecastNavigation\DebugUtils</Filter>
    </ClInclude>
    <ClInclude Include="..\..\TAGameClient\Source\TAGameClient\Public\Common\NavigationSystem\RecastNavigation\Detour\DetourAlloc.h">
      <Filter>Common\NavigationSystem\RecastNavigation\Detour</Filter>
    </ClInclude>
    <ClInclude Include="..\..\TAGameClient\Source\TAGameClient\Public\Common\NavigationSystem\RecastNavigation\Detour\DetourAssert.h">
      <Filter>Common\NavigationSystem\RecastNavigation\Detour</Filter>
    </ClInclude>
    <ClInclude Include="..\..\TAGameClient\Source\TAGameClient\Public\Common\NavigationSystem\RecastNavigation\Detour\DetourCommon.h">
      <Filter>Common\NavigationSystem\RecastNavigation\Detour</Filter>
    </ClInclude>
    <ClInclude Include="..\..\TAGameClient\Source\TAGameClient\Public\Common\NavigationSystem\RecastNavigation\Detour\DetourNavMesh.h">
      <Filter>Common\NavigationSystem\RecastNavigation\Detour</Filter>
    </ClInclude>
    <ClInclude Include="..\..\TAGameClient\Source\TAGameClient\Public\Common\NavigationSystem\RecastNavigation\Detour\DetourNavMeshBuilder.h">
      <Filter>Common\NavigationSystem\RecastNavigation\Detour</Filter>
    </ClInclude>
    <ClInclude Include="..\..\TAGameClient\Source\TAGameClient\Public\Common\NavigationSystem\RecastNavigation\Detour\DetourNavMeshQuery.h">
      <Filter>Common\NavigationSystem\RecastNavigation\Detour</Filter>
    </ClInclude>
    <ClInclude Include="..\..\TAGameClient\Source\TAGameClient\Public\Common\NavigationSystem\RecastNavigation\Detour\DetourNode.h">
      <Filter>Common\NavigationSystem\RecastNavigation\Detour</Filter>
    </ClInclude>
    <ClInclude Include="..\..\TAGameClient\Source\TAGameClient\Public\Common\NavigationSystem\RecastNavigation\Detour\DetourStatus.h">
      <Filter>Common\NavigationSystem\RecastNavigation\Detour</Filter>
    </ClInclude>
    <ClInclude Include="..\..\TAGameClient\Source\TAGameClient\Public\Common\NavigationSystem\RecastNavigation\DetourCrowd\DetourCrowd.h">
      <Filter>Common\NavigationSystem\RecastNavigation\DetourCrowd</Filter>
    </ClInclude>
    <ClInclude Include="..\..\TAGameClient\Source\TAGameClient\Public\Common\NavigationSystem\RecastNavigation\DetourCrowd\DetourLocalBoundary.h">
      <Filter>Common\NavigationSystem\RecastNavigation\DetourCrowd</Filter>
    </ClInclude>
    <ClInclude Include="..\..\TAGameClient\Source\TAGameClient\Public\Common\NavigationSystem\RecastNavigation\DetourCrowd\DetourObstacleAvoidance.h">
      <Filter>Common\NavigationSystem\RecastNavigation\DetourCrowd</Filter>
    </ClInclude>
    <ClInclude Include="..\..\TAGameClient\Source\TAGameClient\Public\Common\NavigationSystem\RecastNavigation\DetourCrowd\DetourPathCorridor.h">
      <Filter>Common\NavigationSystem\RecastNavigation\DetourCrowd</Filter>
    </ClInclude>
    <ClInclude Include="..\..\TAGameClient\Source\TAGameClient\Public\Common\NavigationSystem\RecastNavigation\DetourCrowd\DetourPathQueue.h">
      <Filter>Common\NavigationSystem\RecastNavigation\DetourCrowd</Filter>
    </ClInclude>
    <ClInclude Include="..\..\TAGameClient\Source\TAGameClient\Public\Common\NavigationSystem\RecastNavigation\DetourCrowd\DetourProximityGrid.h">
      <Filter>Common\NavigationSystem\RecastNavigation\DetourCrowd</Filter>
    </ClInclude>
    <ClInclude Include="..\..\TAGameClient\Source\TAGameClient\Public\Common\NavigationSystem\RecastNavigation\DetourCrowd\DetourSharedBoundary.h">
      <Filter>Common\NavigationSystem\RecastNavigation\DetourCrowd</Filter>
    </ClInclude>
    <ClInclude Include="..\..\TAGameClient\Source\TAGameClient\Public\Common\NavigationSystem\RecastNavigation\DetourTileCache\DetourTileCache.h">
      <Filter>Common\NavigationSystem\RecastNavigation\DetourTileCache</Filter>
    </ClInclude>
    <ClInclude Include="..\..\TAGameClient\Source\TAGameClient\Public\Common\NavigationSystem\RecastNavigation\DetourTileCache\DetourTileCacheBuilder.h">
      <Filter>Common\NavigationSystem\RecastNavigation\DetourTileCache</Filter>
    </ClInclude>
    <ClInclude Include="..\..\TAGameClient\Source\TAGameClient\Public\Common\NavigationSystem\RecastNavigation\Recast\Recast.h">
      <Filter>Common\NavigationSystem\RecastNavigation\Recast</Filter>
    </ClInclude>
    <ClInclude Include="..\..\TAGameClient\Source\TAGameClient\Public\Common\NavigationSystem\RecastNavigation\Recast\RecastAlloc.h">
      <Filter>Common\NavigationSystem\RecastNavigation\Recast</Filter>
    </ClInclude>
    <ClInclude Include="..\..\TAGameClient\Source\TAGameClient\Public\Common\NavigationSystem\RecastNavigation\Recast\RecastAssert.h">
      <Filter>Common\NavigationSystem\RecastNavigation\Recast</Filter>
    </ClInclude>
    <ClInclude Include="..\..\TAGameClient\Source\TAGameClient\Public\Common\NavigationSystem\RecastNavigation\NavMeshPath.h">
      <Filter>Common\NavigationSystem\RecastNavigation</Filter>
    </ClInclude>
    <ClInclude Include="..\..\TAGameClient\Source\TAGameClient\Public\Common\NavigationSystem\RecastNavigation\NavMeshPoint.h">
      <Filter>Common\NavigationSystem\RecastNavigation</Filter>
    </ClInclude>
    <ClInclude Include="..\..\TAGameClient\Source\TAGameClient\Public\Common\NavigationSystem\RecastNavigation\RecastNavigationSystemInclude.h">
      <Filter>Common\NavigationSystem\RecastNavigation</Filter>
    </ClInclude>
    <ClInclude Include="..\..\TAGameClient\Source\TAGameClient\Public\Common\NavigationSystem\RecastNavigation\RecastNavigationSystemUtility.h">
      <Filter>Common\NavigationSystem\RecastNavigation</Filter>
    </ClInclude>
    <ClInclude Include="..\..\TAGameClient\Source\TAGameClient\Public\Common\CommonTypeDefinition.h">
      <Filter>Common</Filter>
    </ClInclude>
    <ClInclude Include="..\..\TAGameClient\Source\TAGameClient\Public\Common\PathPointPath.h">
      <Filter>Common</Filter>
    </ClInclude>
    <ClInclude Include="..\..\TAGameClient\Source\TAGameClient\Public\Common\PathPoint.h">
      <Filter>Common</Filter>
    </ClInclude>
    <ClInclude Include="..\..\TAGameClient\Source\TAGameClient\Public\Common\AiPathPointPath.h">
      <Filter>Common</Filter>
    </ClInclude>
    <ClInclude Include="..\..\TAGameClient\Source\TAGameClient\Public\Common\ActorComponentPool.h">
      <Filter>Common</Filter>
    </ClInclude>
    <ClInclude Include="..\..\TAGameClient\Source\TAGameClient\Public\Common\ActorDataGroups.h">
      <Filter>Common</Filter>
    </ClInclude>
    <ClInclude Include="..\..\TAGameClient\Source\TAGameClient\Public\Common\CommonObjectActorComponent.h">
      <Filter>Common</Filter>
    </ClInclude>
    <ClInclude Include="..\..\TAGameClient\Source\TAGameClient\Public\Client\ClientObjectActorComponent.h">
      <Filter>Client</Filter>
    </ClInclude>
    <ClInclude Include="..\..\TAGameClient\Source\TAGameClient\Public\Common\SectorProperty.h">
      <Filter>Common</Filter>
    </ClInclude>
    <ClInclude Include="..\..\TAGameClient\Source\TAGameClient\Public\Common\SectorProcessor.h">
      <Filter>Common</Filter>
    </ClInclude>
    <ClInclude Include="..\..\TAGameClient\Source\TAGameClient\Public\Common\Sectors.h">
      <Filter>Common</Filter>
    </ClInclude>
    <ClInclude Include="..\..\TAGameClient\Source\TAGameClient\Public\Client\ClientSectors.h">
      <Filter>Client</Filter>
    </ClInclude>
    <ClInclude Include="..\..\TAGameClient\Source\TAGameClient\Public\Common\ConditionGameDataObject.h">
      <Filter>Common</Filter>
    </ClInclude>
    <ClInclude Include="..\..\TAGameClient\Source\TAGameClient\Public\Common\ContentParameter.h">
      <Filter>Common</Filter>
    </ClInclude>
    <ClInclude Include="..\..\TAGameClient\Source\TAGameClient\Public\Common\EventGameDataObject.h">
      <Filter>Common</Filter>
    </ClInclude>
    <ClInclude Include="..\..\TAGameClient\Source\TAGameClient\Public\Common\ThreadTaskManager.h">
      <Filter>Common</Filter>
    </ClInclude>
    <ClInclude Include="..\..\TAGameClient\Source\TAGameClient\Public\Common\SectorEventSet.h">
      <Filter>Common</Filter>
    </ClInclude>
  </ItemGroup>
</Project>