<?xml version="1.0" encoding="utf-8"?>
<Project ToolsVersion="4.0" xmlns="http://schemas.microsoft.com/developer/msbuild/2003">
  <ItemGroup>
    <Filter Include="Server">
      <UniqueIdentifier>{367aba83-beda-42bc-a195-04414af5a1e0}</UniqueIdentifier>
    </Filter>
    <Filter Include="Common">
      <UniqueIdentifier>{21dbb016-85d6-47f9-9d39-5420e0a39f7d}</UniqueIdentifier>
    </Filter>
  </ItemGroup>
  <ItemGroup>
    <None Include="cpp.hint" />
    <None Include="ClassDiagram.cd" />
    <None Include="..\.editorconfig" />
  </ItemGroup>
  <ItemGroup>
    <ClCompile Include="main.cpp" />
    <ClCompile Include="..\..\TAGameClient\Source\TAGameClient\Public\Common\ActorComponent.cpp">
      <Filter>Common</Filter>
    </ClCompile>
    <ClCompile Include="..\..\TAGameClient\Source\TAGameClient\Public\Common\ActorComponentTypeList.cpp">
      <Filter>Common</Filter>
    </ClCompile>
    <ClCompile Include="..\..\TAGameClient\Source\TAGameClient\Public\Common\ActorDataPool.cpp">
      <Filter>Common</Filter>
    </ClCompile>
    <ClCompile Include="..\..\TAGameClient\Source\TAGameClient\Public\Common\ActorDataPoolValue.cpp">
      <Filter>Common</Filter>
    </ClCompile>
    <ClCompile Include="..\..\TAGameClient\Source\TAGameClient\Public\Common\ActorNetwork.cpp">
      <Filter>Common</Filter>
    </ClCompile>
    <ClCompile Include="..\..\TAGameClient\Source\TAGameClient\Public\Common\ActorSystem.cpp">
      <Filter>Common</Filter>
    </ClCompile>
    <ClCompile Include="..\..\TAGameClient\Source\TAGameClient\Public\Common\CommonActionActorComponent.cpp">
      <Filter>Common</Filter>
    </ClCompile>
    <ClCompile Include="..\..\TAGameClient\Source\TAGameClient\Public\Common\CommonActionActorSystem.cpp">
      <Filter>Common</Filter>
    </ClCompile>
    <ClCompile Include="..\..\TAGameClient\Source\TAGameClient\Public\Common\CommonActor.cpp">
      <Filter>Common</Filter>
    </ClCompile>
    <ClCompile Include="..\..\TAGameClient\Source\TAGameClient\Public\Common\CommonActorManager.cpp">
      <Filter>Common</Filter>
    </ClCompile>
    <ClCompile Include="..\..\TAGameClient\Source\TAGameClient\Public\Common\CommonActorSystemManager.cpp">
      <Filter>Common</Filter>
    </ClCompile>
    <ClCompile Include="..\..\TAGameClient\Source\TAGameClient\Public\Common\CommonApp.cpp">
      <Filter>Common</Filter>
    </ClCompile>
    <ClCompile Include="..\..\TAGameClient\Source\TAGameClient\Public\Common\CommonMoveActorComponent.cpp">
      <Filter>Common</Filter>
    </ClCompile>
    <ClCompile Include="..\..\TAGameClient\Source\TAGameClient\Public\Common\CommonMoveActorSystem.cpp">
      <Filter>Common</Filter>
    </ClCompile>
    <ClCompile Include="..\..\TAGameClient\Source\TAGameClient\Public\Common\CommonNetwork.cpp">
      <Filter>Common</Filter>
    </ClCompile>
    <ClCompile Include="..\..\TAGameClient\Source\TAGameClient\Public\Common\ComponentData.cpp">
      <Filter>Common</Filter>
    </ClCompile>
    <ClCompile Include="..\..\TAGameClient\Source\TAGameClient\Public\Common\EndPoint.cpp">
      <Filter>Common</Filter>
    </ClCompile>
    <ClCompile Include="..\..\TAGameClient\Source\TAGameClient\Public\Common\GetComponentAndSystem.cpp">
      <Filter>Common</Filter>
    </ClCompile>
    <ClCompile Include="..\..\TAGameClient\Source\TAGameClient\Public\Common\IdlCompiler.cpp">
      <Filter>Common</Filter>
    </ClCompile>
    <ClCompile Include="..\..\TAGameClient\Source\TAGameClient\Public\Common\Iocp.cpp">
      <Filter>Common</Filter>
    </ClCompile>
    <ClCompile Include="..\..\TAGameClient\Source\TAGameClient\Public\Common\KeyDefinition.cpp">
      <Filter>Common</Filter>
    </ClCompile>
    <ClCompile Include="..\..\TAGameClient\Source\TAGameClient\Public\Common\Lockable.cpp">
      <Filter>Common</Filter>
    </ClCompile>
    <ClCompile Include="..\..\TAGameClient\Source\TAGameClient\Public\Common\MessagePack.cpp">
      <Filter>Common</Filter>
    </ClCompile>
    <ClCompile Include="..\..\TAGameClient\Source\TAGameClient\Public\Common\NetworkMessageManager.cpp">
      <Filter>Common</Filter>
    </ClCompile>
    <ClCompile Include="..\..\TAGameClient\Source\TAGameClient\Public\Common\NetworkMessageQueue.cpp">
      <Filter>Common</Filter>
    </ClCompile>
    <ClCompile Include="..\..\TAGameClient\Source\TAGameClient\Public\Common\ScopedLock.cpp">
      <Filter>Common</Filter>
    </ClCompile>
    <ClCompile Include="..\..\TAGameClient\Source\TAGameClient\Public\Common\Sector.cpp">
      <Filter>Common</Filter>
    </ClCompile>
    <ClCompile Include="..\..\TAGameClient\Source\TAGameClient\Public\Common\Socket.cpp">
      <Filter>Common</Filter>
    </ClCompile>
    <ClCompile Include="..\..\TAGameClient\Source\TAGameClient\Public\Common\StringUtility.cpp">
      <Filter>Common</Filter>
    </ClCompile>
    <ClCompile Include="..\..\TAGameClient\Source\TAGameClient\Public\Common\Vector.cpp">
      <Filter>Common</Filter>
    </ClCompile>
    <ClCompile Include="..\Source\Server\AllPacketServer.cpp">
      <Filter>Server</Filter>
    </ClCompile>
    <ClCompile Include="..\Source\Server\ServerActionActorComponent.cpp">
      <Filter>Server</Filter>
    </ClCompile>
    <ClCompile Include="..\Source\Server\ServerActionActorSystem.cpp">
      <Filter>Server</Filter>
    </ClCompile>
    <ClCompile Include="..\Source\Server\ServerActor.cpp">
      <Filter>Server</Filter>
    </ClCompile>
    <ClCompile Include="..\Source\Server\ServerActorDataPool.cpp">
      <Filter>Server</Filter>
    </ClCompile>
    <ClCompile Include="..\Source\Server\ServerActorManager.cpp">
      <Filter>Server</Filter>
    </ClCompile>
    <ClCompile Include="..\Source\Server\ServerActorSystemManager.cpp">
      <Filter>Server</Filter>
    </ClCompile>
    <ClCompile Include="..\Source\Server\ServerApp.cpp">
      <Filter>Server</Filter>
    </ClCompile>
    <ClCompile Include="..\Source\Server\ServerComponentData.cpp">
      <Filter>Server</Filter>
    </ClCompile>
    <ClCompile Include="..\Source\Server\ServerMoveActorComponent.cpp">
      <Filter>Server</Filter>
    </ClCompile>
    <ClCompile Include="..\Source\Server\ServerMoveActorSystem.cpp">
      <Filter>Server</Filter>
    </ClCompile>
    <ClCompile Include="..\Source\Server\ServerSector.cpp">
      <Filter>Server</Filter>
    </ClCompile>
    <ClCompile Include="..\..\TAGameClient\Source\TAGameClient\Public\Common\ActorEventTimer.cpp">
      <Filter>Common</Filter>
    </ClCompile>
    <ClCompile Include="..\..\TAGameClient\Source\TAGameClient\Public\Common\CommonAiActorComponent.cpp">
      <Filter>Common</Filter>
    </ClCompile>
    <ClCompile Include="..\..\TAGameClient\Source\TAGameClient\Public\Common\CommonAiActorSystem.cpp">
      <Filter>Common</Filter>
    </ClCompile>
    <ClCompile Include="..\Source\Server\ServerAiActorComponent.cpp">
      <Filter>Server</Filter>
    </ClCompile>
    <ClCompile Include="..\Source\Server\ServerAiActorSystem.cpp">
      <Filter>Server</Filter>
    </ClCompile>
    <ClCompile Include="..\..\TAGameClient\Source\TAGameClient\Public\Common\AiBehaviorTree.cpp">
      <Filter>Common</Filter>
    </ClCompile>
    <ClCompile Include="..\..\TAGameClient\Source\TAGameClient\Public\Common\AiBlackboard.cpp">
      <Filter>Common</Filter>
    </ClCompile>
    <ClCompile Include="..\..\TAGameClient\Source\TAGameClient\Public\Common\AiBTCondition.cpp">
      <Filter>Common</Filter>
    </ClCompile>
    <ClCompile Include="..\..\TAGameClient\Source\TAGameClient\Public\Common\AiBTNode.cpp">
      <Filter>Common</Filter>
    </ClCompile>
    <ClCompile Include="..\..\TAGameClient\Source\TAGameClient\Public\Common\CommonCharacterActorComponent.cpp">
      <Filter>Common</Filter>
    </ClCompile>
    <ClCompile Include="..\Source\Server\ServerCharacterActorComponent.cpp">
      <Filter>Server</Filter>
    </ClCompile>
    <ClCompile Include="..\..\TAGameClient\Source\TAGameClient\Public\Common\NonBlockingQueue.cpp">
      <Filter>Common</Filter>
    </ClCompile>
    <ClCompile Include="..\..\TAGameClient\Source\TAGameClient\Public\Common\GameData.cpp">
      <Filter>Common</Filter>
    </ClCompile>
    <ClCompile Include="..\..\TAGameClient\Source\TAGameClient\Public\Common\GameDataManager.cpp">
      <Filter>Common</Filter>
    </ClCompile>
    <ClCompile Include="..\..\TAGameClient\Source\TAGameClient\Public\Common\CommonDataTypeDefinition.cpp">
      <Filter>Common</Filter>
    </ClCompile>
    <ClCompile Include="..\..\TAGameClient\Source\TAGameClient\Public\Common\FileLoader.cpp">
      <Filter>Common</Filter>
    </ClCompile>
    <ClCompile Include="..\..\TAGameClient\Source\TAGameClient\Public\Common\ActorEvent.cpp">
      <Filter>Common</Filter>
    </ClCompile>
    <ClCompile Include="..\..\TAGameClient\Source\TAGameClient\Public\Common\EnumUtility.cpp">
      <Filter>Common</Filter>
    </ClCompile>
    <ClCompile Include="..\..\TAGameClient\Source\TAGameClient\Public\Common\CommonSpawnDataManager.cpp">
      <Filter>Common</Filter>
    </ClCompile>
    <ClCompile Include="..\Source\Server\ServerSpawnDataManager.cpp">
      <Filter>Server</Filter>
    </ClCompile>
    <ClCompile Include="..\..\TAGameClient\Source\TAGameClient\Public\Common\ThreadLoadTaskManager.cpp">
      <Filter>Common</Filter>
    </ClCompile>
    <ClCompile Include="..\..\TAGameClient\Source\TAGameClient\Public\Common\MemoryStream.cpp">
      <Filter>Common</Filter>
    </ClCompile>
    <ClCompile Include="..\Source\Server\ServerInventoryActorComponent.cpp">
      <Filter>Server</Filter>
    </ClCompile>
    <ClCompile Include="..\..\TAGameClient\Source\TAGameClient\Public\Common\CommonInventoryActorComponent.cpp">
      <Filter>Common</Filter>
    </ClCompile>
    <ClCompile Include="..\..\TAGameClient\Source\TAGameClient\Public\Common\CommonInventoryActorSystem.cpp">
      <Filter>Common</Filter>
    </ClCompile>
    <ClCompile Include="..\Source\Server\ServerInventoryActorSystem.cpp">
      <Filter>Server</Filter>
    </ClCompile>
    <ClCompile Include="..\..\TAGameClient\Source\TAGameClient\Public\Common\Item.cpp">
      <Filter>Common</Filter>
    </ClCompile>
    <ClCompile Include="..\..\TAGameClient\Source\TAGameClient\Public\Common\ItemDetail.cpp">
      <Filter>Common</Filter>
    </ClCompile>
    <ClCompile Include="..\..\TAGameClient\Source\TAGameClient\Public\Common\ItemSet.cpp">
      <Filter>Common</Filter>
    </ClCompile>
  </ItemGroup>
  <ItemGroup>
    <ClInclude Include="..\..\TAGameClient\Source\TAGameClient\Public\Common\ActorComponent.h">
      <Filter>Common</Filter>
    </ClInclude>
    <ClInclude Include="..\..\TAGameClient\Source\TAGameClient\Public\Common\ActorComponentTypeList.h">
      <Filter>Common</Filter>
    </ClInclude>
    <ClInclude Include="..\..\TAGameClient\Source\TAGameClient\Public\Common\ActorDataPool.h">
      <Filter>Common</Filter>
    </ClInclude>
    <ClInclude Include="..\..\TAGameClient\Source\TAGameClient\Public\Common\ActorDataPoolValue.h">
      <Filter>Common</Filter>
    </ClInclude>
    <ClInclude Include="..\..\TAGameClient\Source\TAGameClient\Public\Common\ActorNetwork.h">
      <Filter>Common</Filter>
    </ClInclude>
    <ClInclude Include="..\..\TAGameClient\Source\TAGameClient\Public\Common\ActorSystem.h">
      <Filter>Common</Filter>
    </ClInclude>
    <ClInclude Include="..\..\TAGameClient\Source\TAGameClient\Public\Common\AllPacketCommon.h">
      <Filter>Common</Filter>
    </ClInclude>
    <ClInclude Include="..\..\TAGameClient\Source\TAGameClient\Public\Common\ClassProperty.h">
      <Filter>Common</Filter>
    </ClInclude>
    <ClInclude Include="..\..\TAGameClient\Source\TAGameClient\Public\Common\CommonActionActorComponent.h">
      <Filter>Common</Filter>
    </ClInclude>
    <ClInclude Include="..\..\TAGameClient\Source\TAGameClient\Public\Common\CommonActionActorSystem.h">
      <Filter>Common</Filter>
    </ClInclude>
    <ClInclude Include="..\..\TAGameClient\Source\TAGameClient\Public\Common\CommonActor.h">
      <Filter>Common</Filter>
    </ClInclude>
    <ClInclude Include="..\..\TAGameClient\Source\TAGameClient\Public\Common\CommonActorManager.h">
      <Filter>Common</Filter>
    </ClInclude>
    <ClInclude Include="..\..\TAGameClient\Source\TAGameClient\Public\Common\CommonActorSystemManager.h">
      <Filter>Common</Filter>
    </ClInclude>
    <ClInclude Include="..\..\TAGameClient\Source\TAGameClient\Public\Common\CommonApp.h">
      <Filter>Common</Filter>
    </ClInclude>
    <ClInclude Include="..\..\TAGameClient\Source\TAGameClient\Public\Common\CommonBase.h">
      <Filter>Common</Filter>
    </ClInclude>
    <ClInclude Include="..\..\TAGameClient\Source\TAGameClient\Public\Common\CommonDataTypeDefinition.h">
      <Filter>Common</Filter>
    </ClInclude>
    <ClInclude Include="..\..\TAGameClient\Source\TAGameClient\Public\Common\CommonLog.h">
      <Filter>Common</Filter>
    </ClInclude>
    <ClInclude Include="..\..\TAGameClient\Source\TAGameClient\Public\Common\CommonMoveActorComponent.h">
      <Filter>Common</Filter>
    </ClInclude>
    <ClInclude Include="..\..\TAGameClient\Source\TAGameClient\Public\Common\CommonMoveActorSystem.h">
      <Filter>Common</Filter>
    </ClInclude>
    <ClInclude Include="..\..\TAGameClient\Source\TAGameClient\Public\Common\CommonNetwork.h">
      <Filter>Common</Filter>
    </ClInclude>
    <ClInclude Include="..\..\TAGameClient\Source\TAGameClient\Public\Common\ComponentData.h">
      <Filter>Common</Filter>
    </ClInclude>
    <ClInclude Include="..\..\TAGameClient\Source\TAGameClient\Public\Common\EndPoint.h">
      <Filter>Common</Filter>
    </ClInclude>
    <ClInclude Include="..\..\TAGameClient\Source\TAGameClient\Public\Common\GetComponentAndSystem.h">
      <Filter>Common</Filter>
    </ClInclude>
    <ClInclude Include="..\..\TAGameClient\Source\TAGameClient\Public\Common\IdlCompiler.h">
      <Filter>Common</Filter>
    </ClInclude>
    <ClInclude Include="..\..\TAGameClient\Source\TAGameClient\Public\Common\Iocp.h">
      <Filter>Common</Filter>
    </ClInclude>
    <ClInclude Include="..\..\TAGameClient\Source\TAGameClient\Public\Common\KeyDefinition.h">
      <Filter>Common</Filter>
    </ClInclude>
    <ClInclude Include="..\..\TAGameClient\Source\TAGameClient\Public\Common\Lockable.h">
      <Filter>Common</Filter>
    </ClInclude>
    <ClInclude Include="..\..\TAGameClient\Source\TAGameClient\Public\Common\MessagePack.h">
      <Filter>Common</Filter>
    </ClInclude>
    <ClInclude Include="..\..\TAGameClient\Source\TAGameClient\Public\Common\MessageTypeDefinition.h">
      <Filter>Common</Filter>
    </ClInclude>
    <ClInclude Include="..\..\TAGameClient\Source\TAGameClient\Public\Common\MessageTypeSwtichCaseSet.h">
      <Filter>Common</Filter>
    </ClInclude>
    <ClInclude Include="..\..\TAGameClient\Source\TAGameClient\Public\Common\NetworkMessageManager.h">
      <Filter>Common</Filter>
    </ClInclude>
    <ClInclude Include="..\..\TAGameClient\Source\TAGameClient\Public\Common\NetworkMessageQueue.h">
      <Filter>Common</Filter>
    </ClInclude>
    <ClInclude Include="..\..\TAGameClient\Source\TAGameClient\Public\Common\ScopedLock.h">
      <Filter>Common</Filter>
    </ClInclude>
    <ClInclude Include="..\..\TAGameClient\Source\TAGameClient\Public\Common\Sector.h">
      <Filter>Common</Filter>
    </ClInclude>
    <ClInclude Include="..\..\TAGameClient\Source\TAGameClient\Public\Common\Socket.h">
      <Filter>Common</Filter>
    </ClInclude>
    <ClInclude Include="..\..\TAGameClient\Source\TAGameClient\Public\Common\StringUtility.h">
      <Filter>Common</Filter>
    </ClInclude>
    <ClInclude Include="..\..\TAGameClient\Source\TAGameClient\Public\Common\Uncopyable.h">
      <Filter>Common</Filter>
    </ClInclude>
    <ClInclude Include="..\..\TAGameClient\Source\TAGameClient\Public\Common\Vector.h">
      <Filter>Common</Filter>
    </ClInclude>
    <ClInclude Include="..\Source\Server\AllPacketServer.h">
      <Filter>Server</Filter>
    </ClInclude>
    <ClInclude Include="..\Source\Server\ServerActionActorComponent.h">
      <Filter>Server</Filter>
    </ClInclude>
    <ClInclude Include="..\Source\Server\ServerActionActorSystem.h">
      <Filter>Server</Filter>
    </ClInclude>
    <ClInclude Include="..\Source\Server\ServerActor.h">
      <Filter>Server</Filter>
    </ClInclude>
    <ClInclude Include="..\Source\Server\ServerActorDataPool.h">
      <Filter>Server</Filter>
    </ClInclude>
    <ClInclude Include="..\Source\Server\ServerActorManager.h">
      <Filter>Server</Filter>
    </ClInclude>
    <ClInclude Include="..\Source\Server\ServerActorSystemManager.h">
      <Filter>Server</Filter>
    </ClInclude>
    <ClInclude Include="..\Source\Server\ServerApp.h">
      <Filter>Server</Filter>
    </ClInclude>
    <ClInclude Include="..\Source\Server\ServerComponentData.h">
      <Filter>Server</Filter>
    </ClInclude>
    <ClInclude Include="..\Source\Server\ServerMoveActorComponent.h">
      <Filter>Server</Filter>
    </ClInclude>
    <ClInclude Include="..\Source\Server\ServerMoveActorSystem.h">
      <Filter>Server</Filter>
    </ClInclude>
    <ClInclude Include="..\Source\Server\ServerNetwork.h">
      <Filter>Server</Filter>
    </ClInclude>
    <ClInclude Include="..\Source\Server\ServerSector.h">
      <Filter>Server</Filter>
    </ClInclude>
    <ClInclude Include="..\..\TAGameClient\Source\TAGameClient\Public\Common\ActorEventTimer.h">
      <Filter>Common</Filter>
    </ClInclude>
    <ClInclude Include="..\..\TAGameClient\Source\TAGameClient\Public\Common\CommonAiActorSystem.h">
      <Filter>Common</Filter>
    </ClInclude>
    <ClInclude Include="..\..\TAGameClient\Source\TAGameClient\Public\Common\CommonAiActorComponent.h">
      <Filter>Common</Filter>
    </ClInclude>
    <ClInclude Include="..\Source\Server\ServerAiActorComponent.h">
      <Filter>Server</Filter>
    </ClInclude>
    <ClInclude Include="..\Source\Server\ServerAiActorSystem.h">
      <Filter>Server</Filter>
    </ClInclude>
    <ClInclude Include="..\..\TAGameClient\Source\TAGameClient\Public\Common\AiBlackboard.h">
      <Filter>Common</Filter>
    </ClInclude>
    <ClInclude Include="..\..\TAGameClient\Source\TAGameClient\Public\Common\AiBehaviorTree.h">
      <Filter>Common</Filter>
    </ClInclude>
    <ClInclude Include="..\..\TAGameClient\Source\TAGameClient\Public\Common\AiBTNode.h">
      <Filter>Common</Filter>
    </ClInclude>
    <ClInclude Include="..\..\TAGameClient\Source\TAGameClient\Public\Common\AiBTCondition.h">
      <Filter>Common</Filter>
    </ClInclude>
    <ClInclude Include="..\..\TAGameClient\Source\TAGameClient\Public\Common\CommonCharacterActorComponent.h">
      <Filter>Common</Filter>
    </ClInclude>
    <ClInclude Include="..\Source\Server\ServerCharacterActorComponent.h">
      <Filter>Server</Filter>
    </ClInclude>
    <ClInclude Include="..\..\TAGameClient\Source\TAGameClient\Public\Common\NonBlockingQueue.h">
      <Filter>Common</Filter>
    </ClInclude>
    <ClInclude Include="..\..\TAGameClient\Source\TAGameClient\Public\Common\GameDataManager.h">
      <Filter>Common</Filter>
    </ClInclude>
    <ClInclude Include="..\..\TAGameClient\Source\TAGameClient\Public\Common\GameData.h">
      <Filter>Common</Filter>
    </ClInclude>
    <ClInclude Include="..\..\TAGameClient\Source\TAGameClient\Public\Common\CanNotCreate.h">
      <Filter>Common</Filter>
    </ClInclude>
    <ClInclude Include="..\..\TAGameClient\Source\TAGameClient\Public\Common\FileLoader.h">
      <Filter>Common</Filter>
    </ClInclude>
    <ClInclude Include="..\..\TAGameClient\Source\TAGameClient\Public\Common\ActorEvent.h">
      <Filter>Common</Filter>
    </ClInclude>
    <ClInclude Include="..\..\TAGameClient\Source\TAGameClient\Public\Common\EnumUtility.h">
      <Filter>Common</Filter>
    </ClInclude>
    <ClInclude Include="..\..\TAGameClient\Source\TAGameClient\Public\Common\CommonSpawnDataManager.h">
      <Filter>Common</Filter>
    </ClInclude>
    <ClInclude Include="..\Source\Server\ServerSpawnDataManager.h">
      <Filter>Server</Filter>
    </ClInclude>
    <ClInclude Include="..\..\TAGameClient\Source\TAGameClient\Public\Common\ThreadLoadTaskManager.h">
      <Filter>Common</Filter>
    </ClInclude>
    <ClInclude Include="..\..\TAGameClient\Source\TAGameClient\Public\Common\MemoryStream.h">
      <Filter>Common</Filter>
    </ClInclude>
    <ClInclude Include="..\Source\Server\ServerInventoryActorComponent.h">
      <Filter>Server</Filter>
    </ClInclude>
    <ClInclude Include="..\..\TAGameClient\Source\TAGameClient\Public\Common\CommonInventoryActorComponent.h">
      <Filter>Common</Filter>
    </ClInclude>
    <ClInclude Include="..\..\TAGameClient\Source\TAGameClient\Public\Common\CommonInventoryActorSystem.h">
      <Filter>Common</Filter>
    </ClInclude>
    <ClInclude Include="..\Source\Server\ServerInventoryActorSystem.h">
      <Filter>Server</Filter>
    </ClInclude>
    <ClInclude Include="..\..\TAGameClient\Source\TAGameClient\Public\Common\Item.h">
      <Filter>Common</Filter>
    </ClInclude>
    <ClInclude Include="..\..\TAGameClient\Source\TAGameClient\Public\Common\ItemDetail.h">
      <Filter>Common</Filter>
    </ClInclude>
    <ClInclude Include="..\..\TAGameClient\Source\TAGameClient\Public\Common\ItemSet.h">
      <Filter>Common</Filter>
    </ClInclude>
  </ItemGroup>
</Project>