<?xml version="1.0" encoding="utf-8"?>
<Project ToolsVersion="4.0" xmlns="http://schemas.microsoft.com/developer/msbuild/2003">
  <ItemGroup>
    <Filter Include="Server">
      <UniqueIdentifier>{367aba83-beda-42bc-a195-04414af5a1e0}</UniqueIdentifier>
    </Filter>
    <Filter Include="Common">
      <UniqueIdentifier>{21dbb016-85d6-47f9-9d39-5420e0a39f7d}</UniqueIdentifier>
    </Filter>
    <Filter Include="Common\NavigationSystem">
      <UniqueIdentifier>{760551df-4b22-4a38-9763-4fb883eff600}</UniqueIdentifier>
    </Filter>
    <Filter Include="Common\NavigationSystem\RecastNavigation">
      <UniqueIdentifier>{ec9b0411-2481-4ae9-824c-ad41b0df5610}</UniqueIdentifier>
    </Filter>
    <Filter Include="Common\NavigationSystem\RecastNavigation\DebugUtils">
      <UniqueIdentifier>{d214a2c6-14bc-41f7-bd76-6ed59f7ebb77}</UniqueIdentifier>
    </Filter>
    <Filter Include="Common\NavigationSystem\RecastNavigation\Detour">
      <UniqueIdentifier>{bb17877d-6a17-419d-b821-23214d190638}</UniqueIdentifier>
    </Filter>
    <Filter Include="Common\NavigationSystem\RecastNavigation\DetourCrowd">
      <UniqueIdentifier>{f7161bde-11ac-4b65-8f58-d4da6ce852d0}</UniqueIdentifier>
    </Filter>
    <Filter Include="Common\NavigationSystem\RecastNavigation\DetourTileCache">
      <UniqueIdentifier>{90cab270-43fc-4478-98a0-c8c2bce97384}</UniqueIdentifier>
    </Filter>
    <Filter Include="Common\NavigationSystem\RecastNavigation\Recast">
      <UniqueIdentifier>{e6e274d9-0743-411a-bdbf-f3ced98dbfe6}</UniqueIdentifier>
    </Filter>
  </ItemGroup>
  <ItemGroup>
    <None Include="cpp.hint" />
    <None Include="ClassDiagram.cd" />
    <None Include="..\.editorconfig" />
  </ItemGroup>
  <ItemGroup>
    <ClCompile Include="main.cpp" />
    <ClCompile Include="..\..\TAGameClient\Source\TAGameClient\Public\Common\ActorComponent.cpp">
      <Filter>Common</Filter>
    </ClCompile>
    <ClCompile Include="..\..\TAGameClient\Source\TAGameClient\Public\Common\ActorComponentTypeList.cpp">
      <Filter>Common</Filter>
    </ClCompile>
    <ClCompile Include="..\..\TAGameClient\Source\TAGameClient\Public\Common\ActorDataPool.cpp">
      <Filter>Common</Filter>
    </ClCompile>
    <ClCompile Include="..\..\TAGameClient\Source\TAGameClient\Public\Common\ActorDataPoolValue.cpp">
      <Filter>Common</Filter>
    </ClCompile>
    <ClCompile Include="..\..\TAGameClient\Source\TAGameClient\Public\Common\ActorNetwork.cpp">
      <Filter>Common</Filter>
    </ClCompile>
    <ClCompile Include="..\..\TAGameClient\Source\TAGameClient\Public\Common\ActorSystem.cpp">
      <Filter>Common</Filter>
    </ClCompile>
    <ClCompile Include="..\..\TAGameClient\Source\TAGameClient\Public\Common\CommonActionActorComponent.cpp">
      <Filter>Common</Filter>
    </ClCompile>
    <ClCompile Include="..\..\TAGameClient\Source\TAGameClient\Public\Common\CommonActionActorSystem.cpp">
      <Filter>Common</Filter>
    </ClCompile>
    <ClCompile Include="..\..\TAGameClient\Source\TAGameClient\Public\Common\CommonActor.cpp">
      <Filter>Common</Filter>
    </ClCompile>
    <ClCompile Include="..\..\TAGameClient\Source\TAGameClient\Public\Common\CommonActorManager.cpp">
      <Filter>Common</Filter>
    </ClCompile>
    <ClCompile Include="..\..\TAGameClient\Source\TAGameClient\Public\Common\CommonActorSystemManager.cpp">
      <Filter>Common</Filter>
    </ClCompile>
    <ClCompile Include="..\..\TAGameClient\Source\TAGameClient\Public\Common\CommonApp.cpp">
      <Filter>Common</Filter>
    </ClCompile>
    <ClCompile Include="..\..\TAGameClient\Source\TAGameClient\Public\Common\CommonMoveActorComponent.cpp">
      <Filter>Common</Filter>
    </ClCompile>
    <ClCompile Include="..\..\TAGameClient\Source\TAGameClient\Public\Common\CommonMoveActorSystem.cpp">
      <Filter>Common</Filter>
    </ClCompile>
    <ClCompile Include="..\..\TAGameClient\Source\TAGameClient\Public\Common\ComponentData.cpp">
      <Filter>Common</Filter>
    </ClCompile>
    <ClCompile Include="..\..\TAGameClient\Source\TAGameClient\Public\Common\EndPoint.cpp">
      <Filter>Common</Filter>
    </ClCompile>
    <ClCompile Include="..\..\TAGameClient\Source\TAGameClient\Public\Common\GetComponentAndSystem.cpp">
      <Filter>Common</Filter>
    </ClCompile>
    <ClCompile Include="..\..\TAGameClient\Source\TAGameClient\Public\Common\IdlCompiler.cpp">
      <Filter>Common</Filter>
    </ClCompile>
    <ClCompile Include="..\..\TAGameClient\Source\TAGameClient\Public\Common\Iocp.cpp">
      <Filter>Common</Filter>
    </ClCompile>
    <ClCompile Include="..\..\TAGameClient\Source\TAGameClient\Public\Common\KeyDefinition.cpp">
      <Filter>Common</Filter>
    </ClCompile>
    <ClCompile Include="..\..\TAGameClient\Source\TAGameClient\Public\Common\Lockable.cpp">
      <Filter>Common</Filter>
    </ClCompile>
    <ClCompile Include="..\..\TAGameClient\Source\TAGameClient\Public\Common\MessagePack.cpp">
      <Filter>Common</Filter>
    </ClCompile>
    <ClCompile Include="..\..\TAGameClient\Source\TAGameClient\Public\Common\ScopedLock.cpp">
      <Filter>Common</Filter>
    </ClCompile>
    <ClCompile Include="..\..\TAGameClient\Source\TAGameClient\Public\Common\Sector.cpp">
      <Filter>Common</Filter>
    </ClCompile>
    <ClCompile Include="..\..\TAGameClient\Source\TAGameClient\Public\Common\Socket.cpp">
      <Filter>Common</Filter>
    </ClCompile>
    <ClCompile Include="..\..\TAGameClient\Source\TAGameClient\Public\Common\StringUtility.cpp">
      <Filter>Common</Filter>
    </ClCompile>
    <ClCompile Include="..\..\TAGameClient\Source\TAGameClient\Public\Common\Vector.cpp">
      <Filter>Common</Filter>
    </ClCompile>
    <ClCompile Include="..\Source\Server\AllPacketServer.cpp">
      <Filter>Server</Filter>
    </ClCompile>
    <ClCompile Include="..\Source\Server\ServerActionActorComponent.cpp">
      <Filter>Server</Filter>
    </ClCompile>
    <ClCompile Include="..\Source\Server\ServerActionActorSystem.cpp">
      <Filter>Server</Filter>
    </ClCompile>
    <ClCompile Include="..\Source\Server\ServerActor.cpp">
      <Filter>Server</Filter>
    </ClCompile>
    <ClCompile Include="..\Source\Server\ServerActorDataPool.cpp">
      <Filter>Server</Filter>
    </ClCompile>
    <ClCompile Include="..\Source\Server\ServerActorManager.cpp">
      <Filter>Server</Filter>
    </ClCompile>
    <ClCompile Include="..\Source\Server\ServerActorSystemManager.cpp">
      <Filter>Server</Filter>
    </ClCompile>
    <ClCompile Include="..\Source\Server\ServerApp.cpp">
      <Filter>Server</Filter>
    </ClCompile>
    <ClCompile Include="..\Source\Server\ServerComponentData.cpp">
      <Filter>Server</Filter>
    </ClCompile>
    <ClCompile Include="..\Source\Server\ServerMoveActorComponent.cpp">
      <Filter>Server</Filter>
    </ClCompile>
    <ClCompile Include="..\Source\Server\ServerMoveActorSystem.cpp">
      <Filter>Server</Filter>
    </ClCompile>
    <ClCompile Include="..\Source\Server\ServerSector.cpp">
      <Filter>Server</Filter>
    </ClCompile>
    <ClCompile Include="..\..\TAGameClient\Source\TAGameClient\Public\Common\ActorEventTimer.cpp">
      <Filter>Common</Filter>
    </ClCompile>
    <ClCompile Include="..\..\TAGameClient\Source\TAGameClient\Public\Common\CommonAiActorComponent.cpp">
      <Filter>Common</Filter>
    </ClCompile>
    <ClCompile Include="..\..\TAGameClient\Source\TAGameClient\Public\Common\CommonAiActorSystem.cpp">
      <Filter>Common</Filter>
    </ClCompile>
    <ClCompile Include="..\Source\Server\ServerAiActorComponent.cpp">
      <Filter>Server</Filter>
    </ClCompile>
    <ClCompile Include="..\Source\Server\ServerAiActorSystem.cpp">
      <Filter>Server</Filter>
    </ClCompile>
    <ClCompile Include="..\..\TAGameClient\Source\TAGameClient\Public\Common\AiBehaviorTree.cpp">
      <Filter>Common</Filter>
    </ClCompile>
    <ClCompile Include="..\..\TAGameClient\Source\TAGameClient\Public\Common\AiBlackboard.cpp">
      <Filter>Common</Filter>
    </ClCompile>
    <ClCompile Include="..\..\TAGameClient\Source\TAGameClient\Public\Common\AiBTCondition.cpp">
      <Filter>Common</Filter>
    </ClCompile>
    <ClCompile Include="..\..\TAGameClient\Source\TAGameClient\Public\Common\AiBTNode.cpp">
      <Filter>Common</Filter>
    </ClCompile>
    <ClCompile Include="..\..\TAGameClient\Source\TAGameClient\Public\Common\CommonCharacterActorComponent.cpp">
      <Filter>Common</Filter>
    </ClCompile>
    <ClCompile Include="..\Source\Server\ServerCharacterActorComponent.cpp">
      <Filter>Server</Filter>
    </ClCompile>
    <ClCompile Include="..\..\TAGameClient\Source\TAGameClient\Public\Common\NonBlockingQueue.cpp">
      <Filter>Common</Filter>
    </ClCompile>
    <ClCompile Include="..\..\TAGameClient\Source\TAGameClient\Public\Common\GameData.cpp">
      <Filter>Common</Filter>
    </ClCompile>
    <ClCompile Include="..\..\TAGameClient\Source\TAGameClient\Public\Common\GameDataManager.cpp">
      <Filter>Common</Filter>
    </ClCompile>
    <ClCompile Include="..\..\TAGameClient\Source\TAGameClient\Public\Common\CommonDataTypeDefinition.cpp">
      <Filter>Common</Filter>
    </ClCompile>
    <ClCompile Include="..\..\TAGameClient\Source\TAGameClient\Public\Common\FileLoader.cpp">
      <Filter>Common</Filter>
    </ClCompile>
    <ClCompile Include="..\..\TAGameClient\Source\TAGameClient\Public\Common\ActorEvent.cpp">
      <Filter>Common</Filter>
    </ClCompile>
    <ClCompile Include="..\..\TAGameClient\Source\TAGameClient\Public\Common\EnumUtility.cpp">
      <Filter>Common</Filter>
    </ClCompile>
    <ClCompile Include="..\..\TAGameClient\Source\TAGameClient\Public\Common\CommonSpawnDataManager.cpp">
      <Filter>Common</Filter>
    </ClCompile>
    <ClCompile Include="..\Source\Server\ServerSpawnDataManager.cpp">
      <Filter>Server</Filter>
    </ClCompile>
    <ClCompile Include="..\..\TAGameClient\Source\TAGameClient\Public\Common\ThreadLoadTaskManager.cpp">
      <Filter>Common</Filter>
    </ClCompile>
    <ClCompile Include="..\Source\Server\ServerInventoryActorComponent.cpp">
      <Filter>Server</Filter>
    </ClCompile>
    <ClCompile Include="..\..\TAGameClient\Source\TAGameClient\Public\Common\CommonInventoryActorComponent.cpp">
      <Filter>Common</Filter>
    </ClCompile>
    <ClCompile Include="..\..\TAGameClient\Source\TAGameClient\Public\Common\CommonInventoryActorSystem.cpp">
      <Filter>Common</Filter>
    </ClCompile>
    <ClCompile Include="..\Source\Server\ServerInventoryActorSystem.cpp">
      <Filter>Server</Filter>
    </ClCompile>
    <ClCompile Include="..\..\TAGameClient\Source\TAGameClient\Public\Common\Item.cpp">
      <Filter>Common</Filter>
    </ClCompile>
    <ClCompile Include="..\..\TAGameClient\Source\TAGameClient\Public\Common\ItemDetail.cpp">
      <Filter>Common</Filter>
    </ClCompile>
    <ClCompile Include="..\..\TAGameClient\Source\TAGameClient\Public\Common\ItemSet.cpp">
      <Filter>Common</Filter>
    </ClCompile>
    <ClCompile Include="..\Source\Server\Pathfinding.cpp" />
    <ClCompile Include="..\..\TAGameClient\Source\TAGameClient\Public\Common\Serializer.cpp">
      <Filter>Common</Filter>
    </ClCompile>
    <ClCompile Include="..\..\TAGameClient\Source\TAGameClient\Public\Common\NavigationSystem\RecastNavigation\Recast\Recast.cpp">
      <Filter>Common\NavigationSystem\RecastNavigation\Recast</Filter>
    </ClCompile>
    <ClCompile Include="..\..\TAGameClient\Source\TAGameClient\Public\Common\NavigationSystem\RecastNavigation\Recast\RecastAlloc.cpp">
      <Filter>Common\NavigationSystem\RecastNavigation\Recast</Filter>
    </ClCompile>
    <ClCompile Include="..\..\TAGameClient\Source\TAGameClient\Public\Common\NavigationSystem\RecastNavigation\Recast\RecastArea.cpp">
      <Filter>Common\NavigationSystem\RecastNavigation\Recast</Filter>
    </ClCompile>
    <ClCompile Include="..\..\TAGameClient\Source\TAGameClient\Public\Common\NavigationSystem\RecastNavigation\Recast\RecastAssert.cpp">
      <Filter>Common\NavigationSystem\RecastNavigation\Recast</Filter>
    </ClCompile>
    <ClCompile Include="..\..\TAGameClient\Source\TAGameClient\Public\Common\NavigationSystem\RecastNavigation\Recast\RecastContour.cpp">
      <Filter>Common\NavigationSystem\RecastNavigation\Recast</Filter>
    </ClCompile>
    <ClCompile Include="..\..\TAGameClient\Source\TAGameClient\Public\Common\NavigationSystem\RecastNavigation\Recast\RecastFilter.cpp">
      <Filter>Common\NavigationSystem\RecastNavigation\Recast</Filter>
    </ClCompile>
    <ClCompile Include="..\..\TAGameClient\Source\TAGameClient\Public\Common\NavigationSystem\RecastNavigation\Recast\RecastLayers.cpp">
      <Filter>Common\NavigationSystem\RecastNavigation\Recast</Filter>
    </ClCompile>
    <ClCompile Include="..\..\TAGameClient\Source\TAGameClient\Public\Common\NavigationSystem\RecastNavigation\Recast\RecastMesh.cpp">
      <Filter>Common\NavigationSystem\RecastNavigation\Recast</Filter>
    </ClCompile>
    <ClCompile Include="..\..\TAGameClient\Source\TAGameClient\Public\Common\NavigationSystem\RecastNavigation\Recast\RecastMeshDetail.cpp">
      <Filter>Common\NavigationSystem\RecastNavigation\Recast</Filter>
    </ClCompile>
    <ClCompile Include="..\..\TAGameClient\Source\TAGameClient\Public\Common\NavigationSystem\RecastNavigation\Recast\RecastRasterization.cpp">
      <Filter>Common\NavigationSystem\RecastNavigation\Recast</Filter>
    </ClCompile>
    <ClCompile Include="..\..\TAGameClient\Source\TAGameClient\Public\Common\NavigationSystem\RecastNavigation\Recast\RecastRegion.cpp">
      <Filter>Common\NavigationSystem\RecastNavigation\Recast</Filter>
    </ClCompile>
    <ClCompile Include="..\..\TAGameClient\Source\TAGameClient\Public\Common\NavigationSystem\RecastNavigation\DetourTileCache\DetourTileCache.cpp">
      <Filter>Common\NavigationSystem\RecastNavigation\DetourTileCache</Filter>
    </ClCompile>
    <ClCompile Include="..\..\TAGameClient\Source\TAGameClient\Public\Common\NavigationSystem\RecastNavigation\DetourTileCache\DetourTileCacheBuilder.cpp">
      <Filter>Common\NavigationSystem\RecastNavigation\DetourTileCache</Filter>
    </ClCompile>
    <ClCompile Include="..\..\TAGameClient\Source\TAGameClient\Public\Common\NavigationSystem\RecastNavigation\DetourTileCache\DetourTileCacheDetail.cpp">
      <Filter>Common\NavigationSystem\RecastNavigation\DetourTileCache</Filter>
    </ClCompile>
    <ClCompile Include="..\..\TAGameClient\Source\TAGameClient\Public\Common\NavigationSystem\RecastNavigation\DetourTileCache\DetourTileCacheRegion.cpp">
      <Filter>Common\NavigationSystem\RecastNavigation\DetourTileCache</Filter>
    </ClCompile>
    <ClCompile Include="..\..\TAGameClient\Source\TAGameClient\Public\Common\NavigationSystem\RecastNavigation\DetourCrowd\DetourCrowd.cpp">
      <Filter>Common\NavigationSystem\RecastNavigation\DetourCrowd</Filter>
    </ClCompile>
    <ClCompile Include="..\..\TAGameClient\Source\TAGameClient\Public\Common\NavigationSystem\RecastNavigation\DetourCrowd\DetourLocalBoundary.cpp">
      <Filter>Common\NavigationSystem\RecastNavigation\DetourCrowd</Filter>
    </ClCompile>
    <ClCompile Include="..\..\TAGameClient\Source\TAGameClient\Public\Common\NavigationSystem\RecastNavigation\DetourCrowd\DetourObstacleAvoidance.cpp">
      <Filter>Common\NavigationSystem\RecastNavigation\DetourCrowd</Filter>
    </ClCompile>
    <ClCompile Include="..\..\TAGameClient\Source\TAGameClient\Public\Common\NavigationSystem\RecastNavigation\DetourCrowd\DetourPathCorridor.cpp">
      <Filter>Common\NavigationSystem\RecastNavigation\DetourCrowd</Filter>
    </ClCompile>
    <ClCompile Include="..\..\TAGameClient\Source\TAGameClient\Public\Common\NavigationSystem\RecastNavigation\DetourCrowd\DetourPathQueue.cpp">
      <Filter>Common\NavigationSystem\RecastNavigation\DetourCrowd</Filter>
    </ClCompile>
    <ClCompile Include="..\..\TAGameClient\Source\TAGameClient\Public\Common\NavigationSystem\RecastNavigation\DetourCrowd\DetourProximityGrid.cpp">
      <Filter>Common\NavigationSystem\RecastNavigation\DetourCrowd</Filter>
    </ClCompile>
    <ClCompile Include="..\..\TAGameClient\Source\TAGameClient\Public\Common\NavigationSystem\RecastNavigation\DetourCrowd\DetourSharedBoundary.cpp">
      <Filter>Common\NavigationSystem\RecastNavigation\DetourCrowd</Filter>
    </ClCompile>
    <ClCompile Include="..\..\TAGameClient\Source\TAGameClient\Public\Common\NavigationSystem\RecastNavigation\Detour\DetourAlloc.cpp">
      <Filter>Common\NavigationSystem\RecastNavigation\Detour</Filter>
    </ClCompile>
    <ClCompile Include="..\..\TAGameClient\Source\TAGameClient\Public\Common\NavigationSystem\RecastNavigation\Detour\DetourAssert.cpp">
      <Filter>Common\NavigationSystem\RecastNavigation\Detour</Filter>
    </ClCompile>
    <ClCompile Include="..\..\TAGameClient\Source\TAGameClient\Public\Common\NavigationSystem\RecastNavigation\Detour\DetourCommon.cpp">
      <Filter>Common\NavigationSystem\RecastNavigation\Detour</Filter>
    </ClCompile>
    <ClCompile Include="..\..\TAGameClient\Source\TAGameClient\Public\Common\NavigationSystem\RecastNavigation\Detour\DetourNavMesh.cpp">
      <Filter>Common\NavigationSystem\RecastNavigation\Detour</Filter>
    </ClCompile>
    <ClCompile Include="..\..\TAGameClient\Source\TAGameClient\Public\Common\NavigationSystem\RecastNavigation\Detour\DetourNavMeshBuilder.cpp">
      <Filter>Common\NavigationSystem\RecastNavigation\Detour</Filter>
    </ClCompile>
    <ClCompile Include="..\..\TAGameClient\Source\TAGameClient\Public\Common\NavigationSystem\RecastNavigation\Detour\DetourNavMeshQuery.cpp">
      <Filter>Common\NavigationSystem\RecastNavigation\Detour</Filter>
    </ClCompile>
    <ClCompile Include="..\..\TAGameClient\Source\TAGameClient\Public\Common\NavigationSystem\RecastNavigation\Detour\DetourNode.cpp">
      <Filter>Common\NavigationSystem\RecastNavigation\Detour</Filter>
    </ClCompile>
    <ClCompile Include="..\..\TAGameClient\Source\TAGameClient\Public\Common\NavigationSystem\RecastNavigation\DebugUtils\DebugDraw.cpp">
      <Filter>Common\NavigationSystem\RecastNavigation\DebugUtils</Filter>
    </ClCompile>
    <ClCompile Include="..\..\TAGameClient\Source\TAGameClient\Public\Common\NavigationSystem\RecastNavigation\DebugUtils\DetourDebugDraw.cpp">
      <Filter>Common\NavigationSystem\RecastNavigation\DebugUtils</Filter>
    </ClCompile>
    <ClCompile Include="..\..\TAGameClient\Source\TAGameClient\Public\Common\NavigationSystem\RecastNavigation\DebugUtils\RecastDebugDraw.cpp">
      <Filter>Common\NavigationSystem\RecastNavigation\DebugUtils</Filter>
    </ClCompile>
    <ClCompile Include="..\..\TAGameClient\Source\TAGameClient\Public\Common\NavigationSystem\RecastNavigation\DebugUtils\RecastDump.cpp">
      <Filter>Common\NavigationSystem\RecastNavigation\DebugUtils</Filter>
    </ClCompile>
    <ClCompile Include="..\..\TAGameClient\Source\TAGameClient\Public\Common\NavigationSystem\RecastNavigation\NavMeshPoint.cpp">
      <Filter>Common\NavigationSystem\RecastNavigation</Filter>
    </ClCompile>
    <ClCompile Include="..\..\TAGameClient\Source\TAGameClient\Public\Common\NavigationSystem\RecastNavigation\RecastNavigationSystemUtility.cpp">
      <Filter>Common\NavigationSystem\RecastNavigation</Filter>
    </ClCompile>
    <ClCompile Include="..\..\TAGameClient\Source\TAGameClient\Public\Common\NavigationSystem\RecastNavigation\NavMeshPath.cpp">
      <Filter>Common\NavigationSystem\RecastNavigation</Filter>
    </ClCompile>
  </ItemGroup>
  <ItemGroup>
    <ClInclude Include="..\..\TAGameClient\Source\TAGameClient\Public\Common\ActorComponent.h">
      <Filter>Common</Filter>
    </ClInclude>
    <ClInclude Include="..\..\TAGameClient\Source\TAGameClient\Public\Common\ActorComponentTypeList.h">
      <Filter>Common</Filter>
    </ClInclude>
    <ClInclude Include="..\..\TAGameClient\Source\TAGameClient\Public\Common\ActorDataPool.h">
      <Filter>Common</Filter>
    </ClInclude>
    <ClInclude Include="..\..\TAGameClient\Source\TAGameClient\Public\Common\ActorDataPoolValue.h">
      <Filter>Common</Filter>
    </ClInclude>
    <ClInclude Include="..\..\TAGameClient\Source\TAGameClient\Public\Common\ActorNetwork.h">
      <Filter>Common</Filter>
    </ClInclude>
    <ClInclude Include="..\..\TAGameClient\Source\TAGameClient\Public\Common\ActorSystem.h">
      <Filter>Common</Filter>
    </ClInclude>
    <ClInclude Include="..\..\TAGameClient\Source\TAGameClient\Public\Common\AllPacketCommon.h">
      <Filter>Common</Filter>
    </ClInclude>
    <ClInclude Include="..\..\TAGameClient\Source\TAGameClient\Public\Common\ClassProperty.h">
      <Filter>Common</Filter>
    </ClInclude>
    <ClInclude Include="..\..\TAGameClient\Source\TAGameClient\Public\Common\CommonActionActorComponent.h">
      <Filter>Common</Filter>
    </ClInclude>
    <ClInclude Include="..\..\TAGameClient\Source\TAGameClient\Public\Common\CommonActionActorSystem.h">
      <Filter>Common</Filter>
    </ClInclude>
    <ClInclude Include="..\..\TAGameClient\Source\TAGameClient\Public\Common\CommonActor.h">
      <Filter>Common</Filter>
    </ClInclude>
    <ClInclude Include="..\..\TAGameClient\Source\TAGameClient\Public\Common\CommonActorManager.h">
      <Filter>Common</Filter>
    </ClInclude>
    <ClInclude Include="..\..\TAGameClient\Source\TAGameClient\Public\Common\CommonActorSystemManager.h">
      <Filter>Common</Filter>
    </ClInclude>
    <ClInclude Include="..\..\TAGameClient\Source\TAGameClient\Public\Common\CommonApp.h">
      <Filter>Common</Filter>
    </ClInclude>
    <ClInclude Include="..\..\TAGameClient\Source\TAGameClient\Public\Common\CommonBase.h">
      <Filter>Common</Filter>
    </ClInclude>
    <ClInclude Include="..\..\TAGameClient\Source\TAGameClient\Public\Common\CommonDataTypeDefinition.h">
      <Filter>Common</Filter>
    </ClInclude>
    <ClInclude Include="..\..\TAGameClient\Source\TAGameClient\Public\Common\CommonLog.h">
      <Filter>Common</Filter>
    </ClInclude>
    <ClInclude Include="..\..\TAGameClient\Source\TAGameClient\Public\Common\CommonMoveActorComponent.h">
      <Filter>Common</Filter>
    </ClInclude>
    <ClInclude Include="..\..\TAGameClient\Source\TAGameClient\Public\Common\CommonMoveActorSystem.h">
      <Filter>Common</Filter>
    </ClInclude>
    <ClInclude Include="..\..\TAGameClient\Source\TAGameClient\Public\Common\ComponentData.h">
      <Filter>Common</Filter>
    </ClInclude>
    <ClInclude Include="..\..\TAGameClient\Source\TAGameClient\Public\Common\EndPoint.h">
      <Filter>Common</Filter>
    </ClInclude>
    <ClInclude Include="..\..\TAGameClient\Source\TAGameClient\Public\Common\GetComponentAndSystem.h">
      <Filter>Common</Filter>
    </ClInclude>
    <ClInclude Include="..\..\TAGameClient\Source\TAGameClient\Public\Common\IdlCompiler.h">
      <Filter>Common</Filter>
    </ClInclude>
    <ClInclude Include="..\..\TAGameClient\Source\TAGameClient\Public\Common\Iocp.h">
      <Filter>Common</Filter>
    </ClInclude>
    <ClInclude Include="..\..\TAGameClient\Source\TAGameClient\Public\Common\KeyDefinition.h">
      <Filter>Common</Filter>
    </ClInclude>
    <ClInclude Include="..\..\TAGameClient\Source\TAGameClient\Public\Common\Lockable.h">
      <Filter>Common</Filter>
    </ClInclude>
    <ClInclude Include="..\..\TAGameClient\Source\TAGameClient\Public\Common\MessagePack.h">
      <Filter>Common</Filter>
    </ClInclude>
    <ClInclude Include="..\..\TAGameClient\Source\TAGameClient\Public\Common\MessageTypeDefinition.h">
      <Filter>Common</Filter>
    </ClInclude>
    <ClInclude Include="..\..\TAGameClient\Source\TAGameClient\Public\Common\MessageTypeSwtichCaseSet.h">
      <Filter>Common</Filter>
    </ClInclude>
    <ClInclude Include="..\..\TAGameClient\Source\TAGameClient\Public\Common\ScopedLock.h">
      <Filter>Common</Filter>
    </ClInclude>
    <ClInclude Include="..\..\TAGameClient\Source\TAGameClient\Public\Common\Sector.h">
      <Filter>Common</Filter>
    </ClInclude>
    <ClInclude Include="..\..\TAGameClient\Source\TAGameClient\Public\Common\Socket.h">
      <Filter>Common</Filter>
    </ClInclude>
    <ClInclude Include="..\..\TAGameClient\Source\TAGameClient\Public\Common\StringUtility.h">
      <Filter>Common</Filter>
    </ClInclude>
    <ClInclude Include="..\..\TAGameClient\Source\TAGameClient\Public\Common\Uncopyable.h">
      <Filter>Common</Filter>
    </ClInclude>
    <ClInclude Include="..\..\TAGameClient\Source\TAGameClient\Public\Common\Vector.h">
      <Filter>Common</Filter>
    </ClInclude>
    <ClInclude Include="..\Source\Server\AllPacketServer.h">
      <Filter>Server</Filter>
    </ClInclude>
    <ClInclude Include="..\Source\Server\ServerActionActorComponent.h">
      <Filter>Server</Filter>
    </ClInclude>
    <ClInclude Include="..\Source\Server\ServerActionActorSystem.h">
      <Filter>Server</Filter>
    </ClInclude>
    <ClInclude Include="..\Source\Server\ServerActor.h">
      <Filter>Server</Filter>
    </ClInclude>
    <ClInclude Include="..\Source\Server\ServerActorDataPool.h">
      <Filter>Server</Filter>
    </ClInclude>
    <ClInclude Include="..\Source\Server\ServerActorManager.h">
      <Filter>Server</Filter>
    </ClInclude>
    <ClInclude Include="..\Source\Server\ServerActorSystemManager.h">
      <Filter>Server</Filter>
    </ClInclude>
    <ClInclude Include="..\Source\Server\ServerApp.h">
      <Filter>Server</Filter>
    </ClInclude>
    <ClInclude Include="..\Source\Server\ServerComponentData.h">
      <Filter>Server</Filter>
    </ClInclude>
    <ClInclude Include="..\Source\Server\ServerMoveActorComponent.h">
      <Filter>Server</Filter>
    </ClInclude>
    <ClInclude Include="..\Source\Server\ServerMoveActorSystem.h">
      <Filter>Server</Filter>
    </ClInclude>
    <ClInclude Include="..\Source\Server\ServerSector.h">
      <Filter>Server</Filter>
    </ClInclude>
    <ClInclude Include="..\..\TAGameClient\Source\TAGameClient\Public\Common\ActorEventTimer.h">
      <Filter>Common</Filter>
    </ClInclude>
    <ClInclude Include="..\..\TAGameClient\Source\TAGameClient\Public\Common\CommonAiActorSystem.h">
      <Filter>Common</Filter>
    </ClInclude>
    <ClInclude Include="..\..\TAGameClient\Source\TAGameClient\Public\Common\CommonAiActorComponent.h">
      <Filter>Common</Filter>
    </ClInclude>
    <ClInclude Include="..\Source\Server\ServerAiActorComponent.h">
      <Filter>Server</Filter>
    </ClInclude>
    <ClInclude Include="..\Source\Server\ServerAiActorSystem.h">
      <Filter>Server</Filter>
    </ClInclude>
    <ClInclude Include="..\..\TAGameClient\Source\TAGameClient\Public\Common\AiBlackboard.h">
      <Filter>Common</Filter>
    </ClInclude>
    <ClInclude Include="..\..\TAGameClient\Source\TAGameClient\Public\Common\AiBehaviorTree.h">
      <Filter>Common</Filter>
    </ClInclude>
    <ClInclude Include="..\..\TAGameClient\Source\TAGameClient\Public\Common\AiBTNode.h">
      <Filter>Common</Filter>
    </ClInclude>
    <ClInclude Include="..\..\TAGameClient\Source\TAGameClient\Public\Common\AiBTCondition.h">
      <Filter>Common</Filter>
    </ClInclude>
    <ClInclude Include="..\..\TAGameClient\Source\TAGameClient\Public\Common\CommonCharacterActorComponent.h">
      <Filter>Common</Filter>
    </ClInclude>
    <ClInclude Include="..\Source\Server\ServerCharacterActorComponent.h">
      <Filter>Server</Filter>
    </ClInclude>
    <ClInclude Include="..\..\TAGameClient\Source\TAGameClient\Public\Common\NonBlockingQueue.h">
      <Filter>Common</Filter>
    </ClInclude>
    <ClInclude Include="..\..\TAGameClient\Source\TAGameClient\Public\Common\GameDataManager.h">
      <Filter>Common</Filter>
    </ClInclude>
    <ClInclude Include="..\..\TAGameClient\Source\TAGameClient\Public\Common\GameData.h">
      <Filter>Common</Filter>
    </ClInclude>
    <ClInclude Include="..\..\TAGameClient\Source\TAGameClient\Public\Common\CanNotCreate.h">
      <Filter>Common</Filter>
    </ClInclude>
    <ClInclude Include="..\..\TAGameClient\Source\TAGameClient\Public\Common\FileLoader.h">
      <Filter>Common</Filter>
    </ClInclude>
    <ClInclude Include="..\..\TAGameClient\Source\TAGameClient\Public\Common\ActorEvent.h">
      <Filter>Common</Filter>
    </ClInclude>
    <ClInclude Include="..\..\TAGameClient\Source\TAGameClient\Public\Common\EnumUtility.h">
      <Filter>Common</Filter>
    </ClInclude>
    <ClInclude Include="..\..\TAGameClient\Source\TAGameClient\Public\Common\CommonSpawnDataManager.h">
      <Filter>Common</Filter>
    </ClInclude>
    <ClInclude Include="..\Source\Server\ServerSpawnDataManager.h">
      <Filter>Server</Filter>
    </ClInclude>
    <ClInclude Include="..\..\TAGameClient\Source\TAGameClient\Public\Common\ThreadLoadTaskManager.h">
      <Filter>Common</Filter>
    </ClInclude>
    <ClInclude Include="..\Source\Server\ServerInventoryActorComponent.h">
      <Filter>Server</Filter>
    </ClInclude>
    <ClInclude Include="..\..\TAGameClient\Source\TAGameClient\Public\Common\CommonInventoryActorComponent.h">
      <Filter>Common</Filter>
    </ClInclude>
    <ClInclude Include="..\..\TAGameClient\Source\TAGameClient\Public\Common\CommonInventoryActorSystem.h">
      <Filter>Common</Filter>
    </ClInclude>
    <ClInclude Include="..\Source\Server\ServerInventoryActorSystem.h">
      <Filter>Server</Filter>
    </ClInclude>
    <ClInclude Include="..\..\TAGameClient\Source\TAGameClient\Public\Common\Item.h">
      <Filter>Common</Filter>
    </ClInclude>
    <ClInclude Include="..\..\TAGameClient\Source\TAGameClient\Public\Common\ItemDetail.h">
      <Filter>Common</Filter>
    </ClInclude>
    <ClInclude Include="..\..\TAGameClient\Source\TAGameClient\Public\Common\ItemSet.h">
      <Filter>Common</Filter>
    </ClInclude>
    <ClInclude Include="..\Source\Server\Pathfinding.h" />
    <ClInclude Include="..\..\TAGameClient\Source\TAGameClient\Public\Common\Serializer.h">
      <Filter>Common</Filter>
    </ClInclude>
    <ClInclude Include="..\..\TAGameClient\Source\TAGameClient\Public\Common\NavigationSystem\RecastNavigation\Recast\Recast.h">
      <Filter>Common\NavigationSystem\RecastNavigation\Recast</Filter>
    </ClInclude>
    <ClInclude Include="..\..\TAGameClient\Source\TAGameClient\Public\Common\NavigationSystem\RecastNavigation\Recast\RecastAlloc.h">
      <Filter>Common\NavigationSystem\RecastNavigation\Recast</Filter>
    </ClInclude>
    <ClInclude Include="..\..\TAGameClient\Source\TAGameClient\Public\Common\NavigationSystem\RecastNavigation\Recast\RecastAssert.h">
      <Filter>Common\NavigationSystem\RecastNavigation\Recast</Filter>
    </ClInclude>
    <ClInclude Include="..\..\TAGameClient\Source\TAGameClient\Public\Common\NavigationSystem\RecastNavigation\DetourTileCache\DetourTileCache.h">
      <Filter>Common\NavigationSystem\RecastNavigation\DetourTileCache</Filter>
    </ClInclude>
    <ClInclude Include="..\..\TAGameClient\Source\TAGameClient\Public\Common\NavigationSystem\RecastNavigation\DetourTileCache\DetourTileCacheBuilder.h">
      <Filter>Common\NavigationSystem\RecastNavigation\DetourTileCache</Filter>
    </ClInclude>
    <ClInclude Include="..\..\TAGameClient\Source\TAGameClient\Public\Common\NavigationSystem\RecastNavigation\DetourCrowd\DetourCrowd.h">
      <Filter>Common\NavigationSystem\RecastNavigation\DetourCrowd</Filter>
    </ClInclude>
    <ClInclude Include="..\..\TAGameClient\Source\TAGameClient\Public\Common\NavigationSystem\RecastNavigation\DetourCrowd\DetourLocalBoundary.h">
      <Filter>Common\NavigationSystem\RecastNavigation\DetourCrowd</Filter>
    </ClInclude>
    <ClInclude Include="..\..\TAGameClient\Source\TAGameClient\Public\Common\NavigationSystem\RecastNavigation\DetourCrowd\DetourObstacleAvoidance.h">
      <Filter>Common\NavigationSystem\RecastNavigation\DetourCrowd</Filter>
    </ClInclude>
    <ClInclude Include="..\..\TAGameClient\Source\TAGameClient\Public\Common\NavigationSystem\RecastNavigation\DetourCrowd\DetourPathCorridor.h">
      <Filter>Common\NavigationSystem\RecastNavigation\DetourCrowd</Filter>
    </ClInclude>
    <ClInclude Include="..\..\TAGameClient\Source\TAGameClient\Public\Common\NavigationSystem\RecastNavigation\DetourCrowd\DetourPathQueue.h">
      <Filter>Common\NavigationSystem\RecastNavigation\DetourCrowd</Filter>
    </ClInclude>
    <ClInclude Include="..\..\TAGameClient\Source\TAGameClient\Public\Common\NavigationSystem\RecastNavigation\DetourCrowd\DetourProximityGrid.h">
      <Filter>Common\NavigationSystem\RecastNavigation\DetourCrowd</Filter>
    </ClInclude>
    <ClInclude Include="..\..\TAGameClient\Source\TAGameClient\Public\Common\NavigationSystem\RecastNavigation\DetourCrowd\DetourSharedBoundary.h">
      <Filter>Common\NavigationSystem\RecastNavigation\DetourCrowd</Filter>
    </ClInclude>
    <ClInclude Include="..\..\TAGameClient\Source\TAGameClient\Public\Common\NavigationSystem\RecastNavigation\Detour\DetourAlloc.h">
      <Filter>Common\NavigationSystem\RecastNavigation\Detour</Filter>
    </ClInclude>
    <ClInclude Include="..\..\TAGameClient\Source\TAGameClient\Public\Common\NavigationSystem\RecastNavigation\Detour\DetourAssert.h">
      <Filter>Common\NavigationSystem\RecastNavigation\Detour</Filter>
    </ClInclude>
    <ClInclude Include="..\..\TAGameClient\Source\TAGameClient\Public\Common\NavigationSystem\RecastNavigation\Detour\DetourCommon.h">
      <Filter>Common\NavigationSystem\RecastNavigation\Detour</Filter>
    </ClInclude>
    <ClInclude Include="..\..\TAGameClient\Source\TAGameClient\Public\Common\NavigationSystem\RecastNavigation\Detour\DetourNavMesh.h">
      <Filter>Common\NavigationSystem\RecastNavigation\Detour</Filter>
    </ClInclude>
    <ClInclude Include="..\..\TAGameClient\Source\TAGameClient\Public\Common\NavigationSystem\RecastNavigation\Detour\DetourNavMeshBuilder.h">
      <Filter>Common\NavigationSystem\RecastNavigation\Detour</Filter>
    </ClInclude>
    <ClInclude Include="..\..\TAGameClient\Source\TAGameClient\Public\Common\NavigationSystem\RecastNavigation\Detour\DetourNavMeshQuery.h">
      <Filter>Common\NavigationSystem\RecastNavigation\Detour</Filter>
    </ClInclude>
    <ClInclude Include="..\..\TAGameClient\Source\TAGameClient\Public\Common\NavigationSystem\RecastNavigation\Detour\DetourNode.h">
      <Filter>Common\NavigationSystem\RecastNavigation\Detour</Filter>
    </ClInclude>
    <ClInclude Include="..\..\TAGameClient\Source\TAGameClient\Public\Common\NavigationSystem\RecastNavigation\Detour\DetourStatus.h">
      <Filter>Common\NavigationSystem\RecastNavigation\Detour</Filter>
    </ClInclude>
    <ClInclude Include="..\..\TAGameClient\Source\TAGameClient\Public\Common\NavigationSystem\RecastNavigation\DebugUtils\DebugDraw.h">
      <Filter>Common\NavigationSystem\RecastNavigation\DebugUtils</Filter>
    </ClInclude>
    <ClInclude Include="..\..\TAGameClient\Source\TAGameClient\Public\Common\NavigationSystem\RecastNavigation\DebugUtils\DetourDebugDraw.h">
      <Filter>Common\NavigationSystem\RecastNavigation\DebugUtils</Filter>
    </ClInclude>
    <ClInclude Include="..\..\TAGameClient\Source\TAGameClient\Public\Common\NavigationSystem\RecastNavigation\DebugUtils\RecastDebugDraw.h">
      <Filter>Common\NavigationSystem\RecastNavigation\DebugUtils</Filter>
    </ClInclude>
    <ClInclude Include="..\..\TAGameClient\Source\TAGameClient\Public\Common\NavigationSystem\RecastNavigation\DebugUtils\RecastDump.h">
      <Filter>Common\NavigationSystem\RecastNavigation\DebugUtils</Filter>
    </ClInclude>
    <ClInclude Include="..\..\TAGameClient\Source\TAGameClient\Public\Common\NavigationSystem\RecastNavigation\NavMeshPoint.h">
      <Filter>Common\NavigationSystem\RecastNavigation</Filter>
    </ClInclude>
    <ClInclude Include="..\..\TAGameClient\Source\TAGameClient\Public\Common\NavigationSystem\RecastNavigation\RecastNavigationSystemInclude.h">
      <Filter>Common\NavigationSystem\RecastNavigation</Filter>
    </ClInclude>
    <ClInclude Include="..\..\TAGameClient\Source\TAGameClient\Public\Common\NavigationSystem\RecastNavigation\RecastNavigationSystemUtility.h">
      <Filter>Common\NavigationSystem\RecastNavigation</Filter>
    </ClInclude>
    <ClInclude Include="..\..\TAGameClient\Source\TAGameClient\Public\Common\NavigationSystem\RecastNavigation\NavMeshPath.h">
      <Filter>Common\NavigationSystem\RecastNavigation</Filter>
    </ClInclude>
    <ClInclude Include="..\..\TAGameClient\Source\TAGameClient\Public\Common\CommonTypeDefinition.h">
      <Filter>Common</Filter>
    </ClInclude>
  </ItemGroup>
</Project>